<?xml version="1.0" encoding="utf-8"?>
<Project ToolsVersion="4.0" xmlns="http://schemas.microsoft.com/developer/msbuild/2003">
  <ItemGroup>
    <Filter Include="Display">
      <UniqueIdentifier>{1e781bdb-1ebf-4504-a23d-7b3b1b319d06}</UniqueIdentifier>
    </Filter>
    <Filter Include="Ethernet">
      <UniqueIdentifier>{4af29014-9465-4bcc-87e7-6b2ca0bd3dd8}</UniqueIdentifier>
    </Filter>
    <Filter Include="VCP">
      <UniqueIdentifier>{6b4d93de-3f4d-4b0e-9746-a1e58ef254b5}</UniqueIdentifier>
    </Filter>
    <Filter Include="VCP\SCPI">
      <UniqueIdentifier>{c710e95e-567a-43d9-a430-cf2bd750a01a}</UniqueIdentifier>
    </Filter>
    <Filter Include="libs">
      <UniqueIdentifier>{de1a81fa-e3da-4a6c-be67-9542c39ea75d}</UniqueIdentifier>
    </Filter>
    <Filter Include="Display\fonts">
      <UniqueIdentifier>{60fa5f91-66df-4020-b513-75b86ef07696}</UniqueIdentifier>
    </Filter>
    <Filter Include="doc">
      <UniqueIdentifier>{25e55b20-3e7d-4a77-b832-d6ec65bd7975}</UniqueIdentifier>
    </Filter>
    <Filter Include="FlashDrive">
      <UniqueIdentifier>{2d2c41b0-749c-47c9-b927-5ab74e586730}</UniqueIdentifier>
    </Filter>
    <Filter Include="FPGA">
      <UniqueIdentifier>{0e2543a6-cc8a-4fc2-b86d-ff7f973edf1c}</UniqueIdentifier>
    </Filter>
    <Filter Include="Hardware">
      <UniqueIdentifier>{46b37772-2316-4fe5-ba0e-9112698565ab}</UniqueIdentifier>
    </Filter>
    <Filter Include="Settings">
      <UniqueIdentifier>{25f0d39f-bd51-47ad-91b2-453800daf3e6}</UniqueIdentifier>
    </Filter>
    <Filter Include="src">
      <UniqueIdentifier>{4dcddc1e-ddec-4ed7-a980-b42c41613f32}</UniqueIdentifier>
    </Filter>
    <Filter Include="Panel">
      <UniqueIdentifier>{c3764a3e-1626-4fa6-bcb6-9962230b8dff}</UniqueIdentifier>
    </Filter>
    <Filter Include="Menu">
      <UniqueIdentifier>{77887cf5-d099-450a-b7c8-cde8cbb54ca7}</UniqueIdentifier>
    </Filter>
    <Filter Include="Menu\Pages">
      <UniqueIdentifier>{ff4ca8ad-df6c-489b-af97-9abc4bf2d08f}</UniqueIdentifier>
    </Filter>
    <Filter Include="Utils">
      <UniqueIdentifier>{d52c400b-0d91-4572-9ac2-0ef702bd0902}</UniqueIdentifier>
    </Filter>
    <Filter Include="USBD">
      <UniqueIdentifier>{bfd2984f-5d2d-4833-817d-2e21c48ecff7}</UniqueIdentifier>
    </Filter>
    <Filter Include="HAL">
      <UniqueIdentifier>{3210115b-0d60-46e4-8194-3c5111056155}</UniqueIdentifier>
    </Filter>
    <Filter Include="_VS">
      <UniqueIdentifier>{95614ff2-fdb6-422e-90f9-b4112092c840}</UniqueIdentifier>
    </Filter>
  </ItemGroup>
  <ItemGroup>
    <ClCompile Include="..\..\S8-53\src\libs\system_stm32f2xx.c">
      <Filter>libs</Filter>
    </ClCompile>
    <ClCompile Include="..\..\S8-53\src\Utils\Stack2500uint16.cpp">
      <Filter>Utils</Filter>
    </ClCompile>
    <ClCompile Include="..\..\STM32Cube_FW_F2\Middlewares\ST\STM32_USB_Device_Library\Core\Src\usbd_core.c">
      <Filter>USBD</Filter>
    </ClCompile>
    <ClCompile Include="..\..\STM32Cube_FW_F2\Middlewares\ST\STM32_USB_Device_Library\Core\Src\usbd_ctlreq.c">
      <Filter>USBD</Filter>
    </ClCompile>
    <ClCompile Include="..\..\STM32Cube_FW_F2\Middlewares\ST\STM32_USB_Device_Library\Core\Src\usbd_ioreq.c">
      <Filter>USBD</Filter>
    </ClCompile>
    <ClCompile Include="..\..\STM32Cube_FW_F2\Middlewares\ST\STM32_USB_Device_Library\Class\CDC\Src\usbd_cdc.c">
      <Filter>USBD</Filter>
    </ClCompile>
    <ClCompile Include="..\..\S8-53\src\Display\Display.cpp">
      <Filter>Display</Filter>
    </ClCompile>
    <ClCompile Include="..\..\S8-53\src\FPGA\FPGA.cpp">
      <Filter>FPGA</Filter>
    </ClCompile>
    <ClCompile Include="..\..\S8-53\src\FPGA\FPGA_Settings.cpp">
      <Filter>FPGA</Filter>
    </ClCompile>
    <ClCompile Include="..\..\S8-53\src\FPGA\FPGA_Calibration.cpp">
      <Filter>FPGA</Filter>
    </ClCompile>
    <ClCompile Include="..\..\S8-53\src\FlashDrive\FlashDrive.cpp">
      <Filter>FlashDrive</Filter>
    </ClCompile>
    <ClCompile Include="..\..\S8-53\src\Hardware\Sound.cpp">
      <Filter>Hardware</Filter>
    </ClCompile>
    <ClCompile Include="..\..\S8-53\src\Hardware\ADC.cpp">
      <Filter>Hardware</Filter>
    </ClCompile>
    <ClCompile Include="..\..\S8-53\src\Display\Grid.cpp">
      <Filter>Display</Filter>
    </ClCompile>
    <ClCompile Include="..\..\S8-53\src\Display\Painter.cpp">
      <Filter>Display</Filter>
    </ClCompile>
    <ClCompile Include="..\..\S8-53\src\Panel\Panel.cpp">
      <Filter>Panel</Filter>
    </ClCompile>
    <ClCompile Include="..\..\S8-53\src\main.cpp">
      <Filter>src</Filter>
    </ClCompile>
    <ClCompile Include="..\..\S8-53\src\Settings\SettingsTypes.cpp">
      <Filter>Settings</Filter>
    </ClCompile>
    <ClCompile Include="..\..\S8-53\src\Settings\Settings.cpp">
      <Filter>Settings</Filter>
    </ClCompile>
    <ClCompile Include="..\..\S8-53\src\Ethernet\Ethernet.cpp">
      <Filter>Ethernet</Filter>
    </ClCompile>
    <ClCompile Include="..\..\S8-53\src\Ethernet\TcpSocket.cpp">
      <Filter>Ethernet</Filter>
    </ClCompile>
    <ClCompile Include="..\..\S8-53\src\VCP\VCP.cpp">
      <Filter>VCP</Filter>
    </ClCompile>
    <ClCompile Include="..\..\S8-53\src\VCP\SCPI\trigSCPI.cpp">
      <Filter>VCP\SCPI</Filter>
    </ClCompile>
    <ClCompile Include="..\..\S8-53\src\VCP\SCPI\tbaseSCPI.cpp">
      <Filter>VCP\SCPI</Filter>
    </ClCompile>
    <ClCompile Include="..\..\S8-53\src\VCP\SCPI\SCPI.cpp">
      <Filter>VCP\SCPI</Filter>
    </ClCompile>
    <ClCompile Include="..\..\S8-53\src\VCP\SCPI\displaySCPI.cpp">
      <Filter>VCP\SCPI</Filter>
    </ClCompile>
    <ClCompile Include="..\..\S8-53\src\VCP\SCPI\controlSCPI.cpp">
      <Filter>VCP\SCPI</Filter>
    </ClCompile>
    <ClCompile Include="..\..\S8-53\src\VCP\SCPI\commonSCPI.cpp">
      <Filter>VCP\SCPI</Filter>
    </ClCompile>
    <ClCompile Include="..\..\S8-53\src\VCP\SCPI\channelSCPI.cpp">
      <Filter>VCP\SCPI</Filter>
    </ClCompile>
    <ClCompile Include="..\..\S8-53\src\Menu\Pages\Definition.cpp">
      <Filter>Menu\Pages</Filter>
    </ClCompile>
    <ClCompile Include="..\..\S8-53\src\Menu\Pages\PageCursors.cpp">
      <Filter>Menu\Pages</Filter>
    </ClCompile>
    <ClCompile Include="..\..\S8-53\src\Menu\Pages\PageDebug.cpp">
      <Filter>Menu\Pages</Filter>
    </ClCompile>
    <ClCompile Include="..\..\S8-53\src\Menu\Pages\PageMemory.cpp">
      <Filter>Menu\Pages</Filter>
    </ClCompile>
    <ClCompile Include="..\..\S8-53\src\Menu\Pages\PageService.cpp">
      <Filter>Menu\Pages</Filter>
    </ClCompile>
    <ClCompile Include="..\..\S8-53\src\Menu\FileManager.cpp">
      <Filter>Menu</Filter>
    </ClCompile>
    <ClCompile Include="..\..\S8-53\src\Menu\Menu.cpp">
      <Filter>Menu</Filter>
    </ClCompile>
    <ClCompile Include="..\..\S8-53\src\Menu\MenuDrawing.cpp">
      <Filter>Menu</Filter>
    </ClCompile>
    <ClCompile Include="..\..\S8-53\src\Menu\MenuFunctions.cpp">
      <Filter>Menu</Filter>
    </ClCompile>
    <ClCompile Include="..\..\S8-53\src\Menu\MenuItems.cpp">
      <Filter>Menu</Filter>
    </ClCompile>
    <ClCompile Include="..\..\S8-53\src\Menu\MenuItemsGraphics.cpp">
      <Filter>Menu</Filter>
    </ClCompile>
    <ClCompile Include="..\..\S8-53\src\Menu\MenuItemsLogic.cpp">
      <Filter>Menu</Filter>
    </ClCompile>
    <ClCompile Include="..\..\S8-53\src\defines.cpp">
      <Filter>src</Filter>
    </ClCompile>
    <ClCompile Include="..\..\S8-53\src\Tables.cpp">
      <Filter>src</Filter>
    </ClCompile>
    <ClCompile Include="..\..\S8-53\src\Display\PainterMem.cpp">
      <Filter>Display</Filter>
    </ClCompile>
    <ClCompile Include="..\..\S8-53\src\Display\Colors.cpp">
      <Filter>Display</Filter>
    </ClCompile>
    <ClCompile Include="..\..\S8-53\src\Display\DisplayPrimitives.cpp">
      <Filter>Display</Filter>
    </ClCompile>
    <ClCompile Include="..\..\S8-53\src\libs\app_ethernet.cpp">
      <Filter>libs</Filter>
    </ClCompile>
    <ClCompile Include="..\..\S8-53\src\libs\ethernetif.cpp">
      <Filter>libs</Filter>
    </ClCompile>
    <ClCompile Include="..\..\S8-53\src\libs\usbd_cdc_interface.cpp">
      <Filter>libs</Filter>
    </ClCompile>
    <ClCompile Include="..\..\S8-53\src\libs\usbh_conf.cpp">
      <Filter>libs</Filter>
    </ClCompile>
    <ClCompile Include="..\..\S8-53\src\Display\font\Font.cpp">
      <Filter>Display\fonts</Filter>
    </ClCompile>
    <ClCompile Include="..\..\S8-53\src\Display\WelcomeScreen.cpp">
      <Filter>Display</Filter>
    </ClCompile>
    <ClCompile Include="..\..\S8-53\src\Display\Math3D.cpp">
      <Filter>Display</Filter>
    </ClCompile>
    <ClCompile Include="..\..\S8-53\src\Display\PainterText.cpp">
      <Filter>Display</Filter>
    </ClCompile>
    <ClCompile Include="..\..\S8-53\src\Hardware\FSMC.cpp">
      <Filter>Hardware</Filter>
    </ClCompile>
    <ClCompile Include="..\..\S8-53\src\Hardware\Hardware.cpp">
      <Filter>Hardware</Filter>
    </ClCompile>
    <ClCompile Include="..\..\S8-53\src\Hardware\MSP_USBH.cpp">
      <Filter>Hardware</Filter>
    </ClCompile>
    <ClCompile Include="..\..\S8-53\src\Hardware\Timer.cpp">
      <Filter>Hardware</Filter>
    </ClCompile>
    <ClCompile Include="..\..\S8-53\src\Settings\SettingsChannel.cpp">
      <Filter>Settings</Filter>
    </ClCompile>
    <ClCompile Include="..\..\S8-53\src\Settings\SettingsCursors.cpp">
      <Filter>Settings</Filter>
    </ClCompile>
    <ClCompile Include="..\..\S8-53\src\Settings\SettingsDebug.cpp">
      <Filter>Settings</Filter>
    </ClCompile>
    <ClCompile Include="..\..\S8-53\src\Settings\SettingsDisplay.cpp">
      <Filter>Settings</Filter>
    </ClCompile>
    <ClCompile Include="..\..\S8-53\src\Settings\SettingsMeasures.cpp">
      <Filter>Settings</Filter>
    </ClCompile>
    <ClCompile Include="..\..\S8-53\src\Settings\SettingsMemory.cpp">
      <Filter>Settings</Filter>
    </ClCompile>
    <ClCompile Include="..\..\S8-53\src\Settings\SettingsService.cpp">
      <Filter>Settings</Filter>
    </ClCompile>
    <ClCompile Include="..\..\S8-53\src\Settings\SettingsTime.cpp">
      <Filter>Settings</Filter>
    </ClCompile>
    <ClCompile Include="..\..\S8-53\src\Globals.cpp">
      <Filter>src</Filter>
    </ClCompile>
    <ClCompile Include="..\..\S8-53\src\libs\stm32f2xx_it.cpp">
      <Filter>libs</Filter>
    </ClCompile>
    <ClCompile Include="..\..\S8-53\src\libs\usbd_conf.cpp">
      <Filter>libs</Filter>
    </ClCompile>
    <ClCompile Include="..\..\S8-53\src\libs\stm32f2xx_hal_msp.cpp">
      <Filter>libs</Filter>
    </ClCompile>
    <ClCompile Include="..\..\S8-53\src\Log.cpp">
      <Filter>src</Filter>
    </ClCompile>
    <ClCompile Include="..\..\S8-53\src\Menu\Pages\HelpContent.cpp">
      <Filter>Menu\Pages</Filter>
    </ClCompile>
    <ClCompile Include="..\..\S8-53\src\Menu\Pages\PageChannels.cpp">
      <Filter>Menu\Pages</Filter>
    </ClCompile>
    <ClCompile Include="..\..\S8-53\src\Menu\Pages\PageDisplay.cpp">
      <Filter>Menu\Pages</Filter>
    </ClCompile>
    <ClCompile Include="..\..\S8-53\src\Menu\Pages\PageHelp.cpp">
      <Filter>Menu\Pages</Filter>
    </ClCompile>
    <ClCompile Include="..\..\S8-53\src\Menu\Pages\PageMeasures.cpp">
      <Filter>Menu\Pages</Filter>
    </ClCompile>
    <ClCompile Include="..\..\S8-53\src\Menu\Pages\PageTime.cpp">
      <Filter>Menu\Pages</Filter>
    </ClCompile>
    <ClCompile Include="..\..\S8-53\src\Menu\Pages\PageTrig.cpp">
      <Filter>Menu\Pages</Filter>
    </ClCompile>
    <ClCompile Include="..\..\S8-53\src\Panel\Controls.cpp">
      <Filter>Panel</Filter>
    </ClCompile>
    <ClCompile Include="..\..\S8-53\src\Panel\PanelFunctions.cpp">
      <Filter>Panel</Filter>
    </ClCompile>
    <ClCompile Include="..\..\S8-53\src\Utils\Generator.cpp">
      <Filter>Utils</Filter>
    </ClCompile>
    <ClCompile Include="..\..\S8-53\src\Utils\GlobalFunctions.cpp">
      <Filter>Utils</Filter>
    </ClCompile>
    <ClCompile Include="..\..\S8-53\src\Utils\Map.cpp">
      <Filter>Utils</Filter>
    </ClCompile>
    <ClCompile Include="..\..\S8-53\src\Utils\Math.cpp">
      <Filter>Utils</Filter>
    </ClCompile>
    <ClCompile Include="..\..\S8-53\src\Utils\Measures.cpp">
      <Filter>Utils</Filter>
    </ClCompile>
    <ClCompile Include="..\..\S8-53\src\Utils\ProcessingSignal.cpp">
      <Filter>Utils</Filter>
    </ClCompile>
    <ClCompile Include="..\..\S8-53\src\Utils\Strings.cpp">
      <Filter>Utils</Filter>
    </ClCompile>
    <ClCompile Include="..\..\S8-53\src\libs\usbd_desc.cpp">
      <Filter>libs</Filter>
    </ClCompile>
    <ClCompile Include="..\..\S8-53\src\Hardware\EPROM.cpp">
      <Filter>Hardware</Filter>
    </ClCompile>
    <ClCompile Include="..\..\S8-53\src\Hardware\Clock.cpp">
      <Filter>Hardware</Filter>
    </ClCompile>
    <ClCompile Include="..\..\S8-53\src\FPGA\Storage.cpp">
      <Filter>FPGA</Filter>
    </ClCompile>
    <ClCompile Include="..\..\S8-53\src\Utils\Debug.cpp">
      <Filter>Utils</Filter>
    </ClCompile>
  </ItemGroup>
  <ItemGroup>
    <ClInclude Include="..\..\S8-53\src\Display\Colors.h">
      <Filter>Display</Filter>
    </ClInclude>
    <ClInclude Include="..\..\S8-53\src\Display\Display.h">
      <Filter>Display</Filter>
    </ClInclude>
    <ClInclude Include="..\..\S8-53\src\Display\DisplayPrimitives.h">
      <Filter>Display</Filter>
    </ClInclude>
    <ClInclude Include="..\..\S8-53\src\Display\DisplayTypes.h">
      <Filter>Display</Filter>
    </ClInclude>
    <ClInclude Include="..\..\S8-53\src\Display\Grid.h">
      <Filter>Display</Filter>
    </ClInclude>
    <ClInclude Include="..\..\S8-53\src\Display\Math3D.h">
      <Filter>Display</Filter>
    </ClInclude>
    <ClInclude Include="..\..\S8-53\src\Display\Painter.h">
      <Filter>Display</Filter>
    </ClInclude>
    <ClInclude Include="..\..\S8-53\src\Display\PainterC.h">
      <Filter>Display</Filter>
    </ClInclude>
    <ClInclude Include="..\..\S8-53\src\Display\PainterMem.h">
      <Filter>Display</Filter>
    </ClInclude>
    <ClInclude Include="..\..\S8-53\src\Display\Symbols.h">
      <Filter>Display</Filter>
    </ClInclude>
    <ClInclude Include="..\..\S8-53\src\Display\WelcomeScreen.h">
      <Filter>Display</Filter>
    </ClInclude>
    <ClInclude Include="..\..\S8-53\src\VCP\VCP.h">
      <Filter>VCP</Filter>
    </ClInclude>
    <ClInclude Include="..\..\S8-53\src\VCP\SCPI\SCPI.h">
      <Filter>VCP\SCPI</Filter>
    </ClInclude>
    <ClInclude Include="..\..\S8-53\src\Display\font\Font.h">
      <Filter>Display\fonts</Filter>
    </ClInclude>
    <ClInclude Include="..\..\S8-53\src\FlashDrive\FlashDrive.h">
      <Filter>FlashDrive</Filter>
    </ClInclude>
    <ClInclude Include="..\..\S8-53\src\FPGA\FPGA.h">
      <Filter>FPGA</Filter>
    </ClInclude>
    <ClInclude Include="..\..\S8-53\src\FPGA\FPGA_Types.h">
      <Filter>FPGA</Filter>
    </ClInclude>
    <ClInclude Include="..\..\S8-53\src\Hardware\ADC.h">
      <Filter>Hardware</Filter>
    </ClInclude>
    <ClInclude Include="..\..\S8-53\src\Hardware\FSMC.h">
      <Filter>Hardware</Filter>
    </ClInclude>
    <ClInclude Include="..\..\S8-53\src\Hardware\Hardware.h">
      <Filter>Hardware</Filter>
    </ClInclude>
    <ClInclude Include="..\..\S8-53\src\Hardware\Sound.h">
      <Filter>Hardware</Filter>
    </ClInclude>
    <ClInclude Include="..\..\S8-53\src\Hardware\Timer.h">
      <Filter>Hardware</Filter>
    </ClInclude>
    <ClInclude Include="..\..\S8-53\src\Settings\Settings.h">
      <Filter>Settings</Filter>
    </ClInclude>
    <ClInclude Include="..\..\S8-53\src\Settings\SettingsChannel.h">
      <Filter>Settings</Filter>
    </ClInclude>
    <ClInclude Include="..\..\S8-53\src\Settings\SettingsCursors.h">
      <Filter>Settings</Filter>
    </ClInclude>
    <ClInclude Include="..\..\S8-53\src\Settings\SettingsDebug.h">
      <Filter>Settings</Filter>
    </ClInclude>
    <ClInclude Include="..\..\S8-53\src\Settings\SettingsDisplay.h">
      <Filter>Settings</Filter>
    </ClInclude>
    <ClInclude Include="..\..\S8-53\src\Settings\SettingsMeasures.h">
      <Filter>Settings</Filter>
    </ClInclude>
    <ClInclude Include="..\..\S8-53\src\Settings\SettingsMemory.h">
      <Filter>Settings</Filter>
    </ClInclude>
    <ClInclude Include="..\..\S8-53\src\Settings\SettingsService.h">
      <Filter>Settings</Filter>
    </ClInclude>
    <ClInclude Include="..\..\S8-53\src\Settings\SettingsTime.h">
      <Filter>Settings</Filter>
    </ClInclude>
    <ClInclude Include="..\..\S8-53\src\Settings\SettingsTypes.h">
      <Filter>Settings</Filter>
    </ClInclude>
    <ClInclude Include="..\..\S8-53\src\defines.h">
      <Filter>src</Filter>
    </ClInclude>
    <ClInclude Include="..\..\S8-53\src\Globals.h">
      <Filter>src</Filter>
    </ClInclude>
    <ClInclude Include="..\..\S8-53\src\main.h">
      <Filter>src</Filter>
    </ClInclude>
    <ClInclude Include="..\..\S8-53\src\Tables.h">
      <Filter>src</Filter>
    </ClInclude>
    <ClInclude Include="..\..\S8-53\src\Panel\Controls.h">
      <Filter>Panel</Filter>
    </ClInclude>
    <ClInclude Include="..\..\S8-53\src\Panel\Panel.h">
      <Filter>Panel</Filter>
    </ClInclude>
    <ClInclude Include="..\..\S8-53\src\Ethernet\Ethernet.h">
      <Filter>Ethernet</Filter>
    </ClInclude>
    <ClInclude Include="..\..\S8-53\src\Ethernet\TcpSocket.h">
      <Filter>Ethernet</Filter>
    </ClInclude>
    <ClInclude Include="..\..\S8-53\src\Log.h">
      <Filter>src</Filter>
    </ClInclude>
    <ClInclude Include="..\..\S8-53\src\libs\app_ethernet.h">
      <Filter>libs</Filter>
    </ClInclude>
    <ClInclude Include="..\..\S8-53\src\libs\ethernetif.h">
      <Filter>libs</Filter>
    </ClInclude>
    <ClInclude Include="..\..\S8-53\src\libs\ffconf.h">
      <Filter>libs</Filter>
    </ClInclude>
    <ClInclude Include="..\..\S8-53\src\libs\stm32f2xx_hal_conf.h">
      <Filter>libs</Filter>
    </ClInclude>
    <ClInclude Include="..\..\S8-53\src\libs\stm32f2xx_it.h">
      <Filter>libs</Filter>
    </ClInclude>
    <ClInclude Include="..\..\S8-53\src\libs\usbd_cdc_interface.h">
      <Filter>libs</Filter>
    </ClInclude>
    <ClInclude Include="..\..\S8-53\src\libs\usbd_conf.h">
      <Filter>libs</Filter>
    </ClInclude>
    <ClInclude Include="..\..\S8-53\src\libs\usbd_desc.h">
      <Filter>libs</Filter>
    </ClInclude>
    <ClInclude Include="..\..\S8-53\src\libs\usbh_conf.h">
      <Filter>libs</Filter>
    </ClInclude>
    <ClInclude Include="..\..\S8-53\src\Utils\Generator.h">
      <Filter>Utils</Filter>
    </ClInclude>
    <ClInclude Include="..\..\S8-53\src\Utils\GlobalFunctions.h">
      <Filter>Utils</Filter>
    </ClInclude>
    <ClInclude Include="..\..\S8-53\src\Utils\Map.h">
      <Filter>Utils</Filter>
    </ClInclude>
    <ClInclude Include="..\..\S8-53\src\Utils\Math.h">
      <Filter>Utils</Filter>
    </ClInclude>
    <ClInclude Include="..\..\S8-53\src\Utils\Measures.h">
      <Filter>Utils</Filter>
    </ClInclude>
    <ClInclude Include="..\..\S8-53\src\Utils\ProcessingSignal.h">
      <Filter>Utils</Filter>
    </ClInclude>
    <ClInclude Include="..\..\S8-53\src\Utils\Stack2500uint16.h">
      <Filter>Utils</Filter>
    </ClInclude>
    <ClInclude Include="..\..\S8-53\src\Utils\Strings.h">
      <Filter>Utils</Filter>
    </ClInclude>
    <ClInclude Include="..\..\S8-53\src\Utils\TablesLog.h">
      <Filter>Utils</Filter>
    </ClInclude>
    <ClInclude Include="..\..\S8-53\src\Utils\TablesWindow.h">
      <Filter>Utils</Filter>
    </ClInclude>
    <ClInclude Include="..\..\S8-53\src\Settings\SettingsTrig.h">
      <Filter>Settings</Filter>
    </ClInclude>
    <ClInclude Include="..\..\S8-53\src\Settings\SettingsMath.h">
      <Filter>Settings</Filter>
    </ClInclude>
    <ClInclude Include="..\..\S8-53\src\libs\lwipopts_old.h">
      <Filter>libs</Filter>
    </ClInclude>
    <ClInclude Include="..\..\S8-53\src\libs\lwipopts.h">
      <Filter>libs</Filter>
    </ClInclude>
    <ClInclude Include="..\..\S8-53\src\doc\RelatedPages.h">
      <Filter>doc</Filter>
    </ClInclude>
    <ClInclude Include="..\..\STM32Cube_FW_F2\Middlewares\ST\STM32_USB_Device_Library\Core\Inc\usbd_core.h">
      <Filter>USBD</Filter>
    </ClInclude>
    <ClInclude Include="..\..\STM32Cube_FW_F2\Middlewares\ST\STM32_USB_Device_Library\Core\Inc\usbd_ctlreq.h">
      <Filter>USBD</Filter>
    </ClInclude>
    <ClInclude Include="..\..\STM32Cube_FW_F2\Middlewares\ST\STM32_USB_Device_Library\Core\Inc\usbd_def.h">
      <Filter>USBD</Filter>
    </ClInclude>
    <ClInclude Include="..\..\STM32Cube_FW_F2\Middlewares\ST\STM32_USB_Device_Library\Core\Inc\usbd_ioreq.h">
      <Filter>USBD</Filter>
    </ClInclude>
    <ClInclude Include="..\..\STM32Cube_FW_F2\Middlewares\ST\STM32_USB_Device_Library\Class\CDC\Inc\usbd_cdc.h">
      <Filter>USBD</Filter>
    </ClInclude>
    <ClInclude Include="..\..\STM32Cube_FW_F2\Drivers\STM32F2xx_HAL_Driver\Inc\stm32f2xx_hal_crc.h">
      <Filter>HAL</Filter>
    </ClInclude>
    <ClInclude Include="src\cmsis_gcc.h">
      <Filter>src</Filter>
    </ClInclude>
    <ClInclude Include="..\..\S8-53\src\Menu\Pages\Definition.h">
      <Filter>Menu\Pages</Filter>
    </ClInclude>
    <ClInclude Include="..\..\S8-53\src\Menu\Pages\HelpContent.h">
      <Filter>Menu\Pages</Filter>
    </ClInclude>
    <ClInclude Include="..\..\S8-53\src\Menu\Pages\HelpContentPages.h">
      <Filter>Menu\Pages</Filter>
    </ClInclude>
    <ClInclude Include="..\..\S8-53\src\Menu\Pages\PageCursors.h">
      <Filter>Menu\Pages</Filter>
    </ClInclude>
    <ClInclude Include="..\..\S8-53\src\Menu\Pages\PageDebug.h">
      <Filter>Menu\Pages</Filter>
    </ClInclude>
    <ClInclude Include="..\..\S8-53\src\Menu\Pages\PageHelp.h">
      <Filter>Menu\Pages</Filter>
    </ClInclude>
    <ClInclude Include="..\..\S8-53\src\Menu\Pages\PageMeasures.h">
      <Filter>Menu\Pages</Filter>
    </ClInclude>
    <ClInclude Include="..\..\S8-53\src\Menu\Pages\PageMemory.h">
      <Filter>Menu\Pages</Filter>
    </ClInclude>
    <ClInclude Include="..\..\S8-53\src\Menu\Pages\PageService.h">
      <Filter>Menu\Pages</Filter>
    </ClInclude>
    <ClInclude Include="..\..\S8-53\src\Menu\FileManager.h">
      <Filter>Menu</Filter>
    </ClInclude>
    <ClInclude Include="..\..\S8-53\src\Menu\Menu.h">
      <Filter>Menu</Filter>
    </ClInclude>
    <ClInclude Include="..\..\S8-53\src\Menu\MenuItems.h">
      <Filter>Menu</Filter>
    </ClInclude>
    <ClInclude Include="..\..\S8-53\src\Menu\MenuItemsGraphics.h">
      <Filter>Menu</Filter>
    </ClInclude>
    <ClInclude Include="..\..\S8-53\src\Menu\MenuItemsLogic.h">
      <Filter>Menu</Filter>
    </ClInclude>
    <ClInclude Include="src\string.h">
      <Filter>_VS</Filter>
    </ClInclude>
    <ClInclude Include="src\stdint.h">
      <Filter>_VS</Filter>
    </ClInclude>
    <ClInclude Include="src\stdio.h">
      <Filter>_VS</Filter>
    </ClInclude>
    <ClInclude Include="src\stdlib.h">
      <Filter>_VS</Filter>
    </ClInclude>
    <ClInclude Include="src\core_cminstr.h">
      <Filter>_VS</Filter>
    </ClInclude>
    <ClInclude Include="src\core_cm3.h">
      <Filter>_VS</Filter>
    </ClInclude>
    <ClInclude Include="src\math.h">
      <Filter>_VS</Filter>
    </ClInclude>
    <ClInclude Include="src\limits.h">
      <Filter>_VS</Filter>
    </ClInclude>
    <ClInclude Include="src\ctype.h">
      <Filter>_VS</Filter>
    </ClInclude>
    <ClInclude Include="src\stdarg.h">
      <Filter>_VS</Filter>
    </ClInclude>
    <ClInclude Include="src\inttypes.h">
      <Filter>_VS</Filter>
    </ClInclude>
    <ClInclude Include="..\..\S8-53\src\Hardware\EPROM.h">
      <Filter>Hardware</Filter>
    </ClInclude>
    <ClInclude Include="..\..\S8-53\src\Hardware\Clock.h">
      <Filter>Hardware</Filter>
    </ClInclude>
    <ClInclude Include="..\..\S8-53\src\FPGA\Storage.h">
      <Filter>FPGA</Filter>
    </ClInclude>
    <ClInclude Include="..\..\S8-53\src\Utils\Debug.h">
      <Filter>Utils</Filter>
    </ClInclude>
  </ItemGroup>
  <ItemGroup>
    <None Include="..\..\S8-53\src\Display\font\font5.inc">
      <Filter>Display\fonts</Filter>
    </None>
    <None Include="..\..\S8-53\src\Display\font\font5display.inc">
      <Filter>Display\fonts</Filter>
    </None>
    <None Include="..\..\S8-53\src\Display\font\font8.inc">
      <Filter>Display\fonts</Filter>
    </None>
    <None Include="..\..\S8-53\src\Display\font\font8display.inc">
      <Filter>Display\fonts</Filter>
    </None>
    <None Include="..\..\S8-53\src\Display\font\fontUGO.inc">
      <Filter>Display\fonts</Filter>
    </None>
    <None Include="..\..\S8-53\src\Display\font\fontUGO2.inc">
      <Filter>Display\fonts</Filter>
    </None>
    <None Include="..\..\S8-53\src\Display\font\fontUGO2display.inc">
      <Filter>Display\fonts</Filter>
    </None>
    <None Include="..\..\S8-53\src\Display\font\fontUGOdisplay.inc">
      <Filter>Display\fonts</Filter>
    </None>
    <None Include="..\..\S8-53\src\Hardware\DisplayHardware.inc">
      <Filter>Hardware</Filter>
    </None>
    <None Include="..\..\S8-53\src\main2.s">
      <Filter>src</Filter>
    </None>
    <None Include="..\..\S8-53\src\check.bat">
      <Filter>src</Filter>
    </None>
    <None Include="..\..\S8-53\src\libs\startup_stm32f207xx.s">
      <Filter>libs</Filter>
    </None>
    <None Include="..\..\S8-53\src\Utils\CreateTables.py">
      <Filter>Utils</Filter>
    </None>
  </ItemGroup>
  <ItemGroup>
    <Text Include="..\..\S8-53\src\err.txt">
      <Filter>src</Filter>
    </Text>
    <Text Include="..\..\S8-53\src\includes.txt">
      <Filter>src</Filter>
    </Text>
  </ItemGroup>
</Project>