<?xml version="1.0" encoding="utf-8"?>
<Project ToolsVersion="4.0" xmlns="http://schemas.microsoft.com/developer/msbuild/2003">
  <ItemGroup>
    <Filter Include="src">
      <UniqueIdentifier>{8de9135b-423d-4752-8402-fcdb41af35bf}</UniqueIdentifier>
    </Filter>
    <Filter Include="Hardware">
      <UniqueIdentifier>{b4db25b2-ecd8-43a9-8a23-9d6876b3762f}</UniqueIdentifier>
    </Filter>
    <Filter Include="Display">
      <UniqueIdentifier>{c9dc35ce-b9e2-4bd8-8f59-b8aa6b7571a9}</UniqueIdentifier>
    </Filter>
    <Filter Include="FPGA">
      <UniqueIdentifier>{94672df2-0817-4eb4-a0fb-6390761b71ff}</UniqueIdentifier>
    </Filter>
    <Filter Include="Settings">
      <UniqueIdentifier>{1e7cc973-a337-48aa-8487-cec1291b54b6}</UniqueIdentifier>
    </Filter>
    <Filter Include="Menu">
      <UniqueIdentifier>{97faaedc-8d67-439f-85be-35d8a6bd0c89}</UniqueIdentifier>
    </Filter>
    <Filter Include="Menu\Pages">
      <UniqueIdentifier>{0269e04f-c138-43ab-9357-021c4733fd14}</UniqueIdentifier>
    </Filter>
    <Filter Include="Panel">
      <UniqueIdentifier>{c6f1392f-f226-4a6e-bf24-106818ef61c3}</UniqueIdentifier>
    </Filter>
    <Filter Include="libs">
      <UniqueIdentifier>{6a68831c-de3c-4d43-b9d8-ddf43dc5f38b}</UniqueIdentifier>
    </Filter>
    <Filter Include="MiddleWares">
      <UniqueIdentifier>{70d2c314-88bb-4fec-a40d-93dfcd156712}</UniqueIdentifier>
    </Filter>
    <Filter Include="_doc">
      <UniqueIdentifier>{41775204-d668-405e-9f34-b91743c2e4fd}</UniqueIdentifier>
    </Filter>
    <Filter Include="Ethernet">
      <UniqueIdentifier>{98dacf7b-a362-46ea-9e88-857768600f73}</UniqueIdentifier>
    </Filter>
    <Filter Include="MiddleWares\LwIP">
      <UniqueIdentifier>{f99f4c12-07b1-445e-8edb-887a04e3f2e5}</UniqueIdentifier>
    </Filter>
    <Filter Include="MiddleWares\LwIP\ipv4">
      <UniqueIdentifier>{a7f518e4-b9c1-4eb9-973e-91af747ad0a0}</UniqueIdentifier>
    </Filter>
    <Filter Include="MiddleWares\LwIP\Netif">
      <UniqueIdentifier>{f51413b5-9ff9-4af5-b9f4-8a1b5d601ed3}</UniqueIdentifier>
    </Filter>
    <Filter Include="libs\LwIP">
      <UniqueIdentifier>{3ba1e1b2-3eb3-4d6a-b09d-dc78b9328eaa}</UniqueIdentifier>
    </Filter>
    <Filter Include="MiddleWares\FatFS">
      <UniqueIdentifier>{87d4bcc2-706b-4834-b47d-eef781ead57e}</UniqueIdentifier>
    </Filter>
    <Filter Include="MiddleWares\FatFS\Core">
      <UniqueIdentifier>{6d4e515d-f1b0-4f8b-8811-0eee4299aaf4}</UniqueIdentifier>
    </Filter>
    <Filter Include="MiddleWares\FatFS\Drivers">
      <UniqueIdentifier>{151758a3-4d41-4300-98a0-04c977aada3f}</UniqueIdentifier>
    </Filter>
    <Filter Include="libs\FatFS">
      <UniqueIdentifier>{48c5222d-0912-4112-8cb0-106f92a03533}</UniqueIdentifier>
    </Filter>
    <Filter Include="libs\USBH">
      <UniqueIdentifier>{9c9c2d6c-a556-4bc0-8847-3b691096b650}</UniqueIdentifier>
    </Filter>
    <Filter Include="MiddleWares\USBD">
      <UniqueIdentifier>{fd449eff-7cde-4e32-a48f-ebd6ca96a380}</UniqueIdentifier>
    </Filter>
    <Filter Include="MiddleWares\USBH">
      <UniqueIdentifier>{2fbb6f7a-041a-4668-8f90-748b7993165a}</UniqueIdentifier>
    </Filter>
    <Filter Include="MiddleWares\USBH\MSC">
      <UniqueIdentifier>{db4b9c0a-bb9f-417a-a13f-e6bbccf15c74}</UniqueIdentifier>
    </Filter>
    <Filter Include="MiddleWares\USBH\Core">
      <UniqueIdentifier>{bebccf40-36f1-4c48-b79e-7a70bd9c0393}</UniqueIdentifier>
    </Filter>
    <Filter Include="Drivers">
      <UniqueIdentifier>{c9bb01c8-3bb6-4f2f-9637-212314b82b62}</UniqueIdentifier>
    </Filter>
    <Filter Include="Drivers\HAL_Driver">
      <UniqueIdentifier>{1c225821-a8e5-4dc4-9bd3-a2efde1c7476}</UniqueIdentifier>
    </Filter>
    <Filter Include="Drivers\CMSIS">
      <UniqueIdentifier>{98233197-00ad-433a-9bab-5f124ea68aa3}</UniqueIdentifier>
    </Filter>
    <Filter Include="libs\HAL">
      <UniqueIdentifier>{ce68ff68-a283-43bc-a573-dbe5b2ae7f99}</UniqueIdentifier>
    </Filter>
    <Filter Include="FlashDrive">
      <UniqueIdentifier>{0eab9f20-5df5-4a5d-aae3-ca73a6238d32}</UniqueIdentifier>
    </Filter>
    <Filter Include="Utils">
      <UniqueIdentifier>{61f5287c-edc4-4439-8ba0-fe39531c9174}</UniqueIdentifier>
    </Filter>
    <Filter Include="VCP">
      <UniqueIdentifier>{3f4ec5c7-fd2a-46e6-bcd2-a34838cc62bc}</UniqueIdentifier>
    </Filter>
    <Filter Include="VCP\SCPI">
      <UniqueIdentifier>{26fa61cb-8d1a-4110-baf2-398863375e00}</UniqueIdentifier>
    </Filter>
    <Filter Include="Display\font">
      <UniqueIdentifier>{adfdef2f-ba6e-4b40-aea6-88e413042a7a}</UniqueIdentifier>
    </Filter>
    <Filter Include="VCP\USBD">
      <UniqueIdentifier>{aa647fcd-ca89-434e-8812-bc806ed13013}</UniqueIdentifier>
    </Filter>
    <Filter Include="libs\USBD">
      <UniqueIdentifier>{85514e43-9934-43ec-9342-ab243801a63d}</UniqueIdentifier>
    </Filter>
  </ItemGroup>
  <ItemGroup>
    <ClCompile Include="..\..\src\Hardware\Hardware.c">
      <Filter>Hardware</Filter>
    </ClCompile>
    <ClCompile Include="..\..\src\Log.c">
      <Filter>src</Filter>
    </ClCompile>
    <ClCompile Include="..\..\src\Settings\Settings.c">
      <Filter>Settings</Filter>
    </ClCompile>
    <ClCompile Include="..\..\src\Menu\FileManager.c">
      <Filter>Menu</Filter>
    </ClCompile>
    <ClCompile Include="..\..\src\Menu\Menu.c">
      <Filter>Menu</Filter>
    </ClCompile>
    <ClCompile Include="..\..\src\Menu\MenuDrawing.c">
      <Filter>Menu</Filter>
    </ClCompile>
    <ClCompile Include="..\..\src\Menu\MenuFunctions.c">
      <Filter>Menu</Filter>
    </ClCompile>
    <ClCompile Include="..\..\src\Menu\MenuItemsGraphics.c">
      <Filter>Menu</Filter>
    </ClCompile>
    <ClCompile Include="..\..\src\Menu\MenuItemsLogic.c">
      <Filter>Menu</Filter>
    </ClCompile>
    <ClCompile Include="..\..\src\Menu\Pages\Definition.c">
      <Filter>Menu\Pages</Filter>
    </ClCompile>
    <ClCompile Include="..\..\src\Menu\Pages\PageChannels.c">
      <Filter>Menu\Pages</Filter>
    </ClCompile>
    <ClCompile Include="..\..\src\Menu\Pages\PageCursors.c">
      <Filter>Menu\Pages</Filter>
    </ClCompile>
    <ClCompile Include="..\..\src\Menu\Pages\PageDebug.c">
      <Filter>Menu\Pages</Filter>
    </ClCompile>
    <ClCompile Include="..\..\src\Menu\Pages\PageDisplay.c">
      <Filter>Menu\Pages</Filter>
    </ClCompile>
    <ClCompile Include="..\..\src\Menu\Pages\PageHelp.c">
      <Filter>Menu\Pages</Filter>
    </ClCompile>
    <ClCompile Include="..\..\src\Menu\Pages\PageMeasures.c">
      <Filter>Menu\Pages</Filter>
    </ClCompile>
    <ClCompile Include="..\..\src\Menu\Pages\PageMemory.c">
      <Filter>Menu\Pages</Filter>
    </ClCompile>
    <ClCompile Include="..\..\src\Menu\Pages\PageService.c">
      <Filter>Menu\Pages</Filter>
    </ClCompile>
    <ClCompile Include="..\..\src\Menu\Pages\PageTime.c">
      <Filter>Menu\Pages</Filter>
    </ClCompile>
    <ClCompile Include="..\..\src\Menu\Pages\PageTrig.c">
      <Filter>Menu\Pages</Filter>
    </ClCompile>
    <ClCompile Include="..\..\src\Panel\Controls.c">
      <Filter>Panel</Filter>
    </ClCompile>
    <ClCompile Include="..\..\src\Panel\Panel.c">
      <Filter>Panel</Filter>
    </ClCompile>
    <ClCompile Include="..\..\src\Panel\PanelFunctions.c">
      <Filter>Panel</Filter>
    </ClCompile>
    <ClCompile Include="..\..\src\Timer.c">
      <Filter>src</Filter>
    </ClCompile>
    <ClCompile Include="..\..\src\Hardware\FLASH.c">
      <Filter>Hardware</Filter>
    </ClCompile>
    <ClCompile Include="..\..\src\Hardware\FSMC.c">
      <Filter>Hardware</Filter>
    </ClCompile>
    <ClCompile Include="..\..\src\Hardware\Sound.c">
      <Filter>Hardware</Filter>
    </ClCompile>
    <ClCompile Include="..\..\src\libs\stm32f2xx_it.c">
      <Filter>libs</Filter>
    </ClCompile>
    <ClCompile Include="..\..\src\libs\system_stm32f2xx.c">
      <Filter>libs</Filter>
    </ClCompile>
    <ClCompile Include="..\..\src\libs\USB\usbd_conf.c">
      <Filter>libs\USBD</Filter>
    </ClCompile>
    <ClCompile Include="..\..\src\libs\USB\usbd_desc.c">
      <Filter>libs\USBD</Filter>
    </ClCompile>
    <ClCompile Include="..\..\..\..\libs\STM32Cube_FW_F2_V1.1.0\Middlewares\ST\STM32_USB_Device_Library\Class\CDC\Src\usbd_cdc.c">
      <Filter>MiddleWares\USBD</Filter>
    </ClCompile>
    <ClCompile Include="..\..\..\..\libs\STM32Cube_FW_F2_V1.1.0\Middlewares\ST\STM32_USB_Device_Library\Core\Src\usbd_core.c">
      <Filter>MiddleWares\USBD</Filter>
    </ClCompile>
    <ClCompile Include="..\..\..\..\libs\STM32Cube_FW_F2_V1.1.0\Middlewares\ST\STM32_USB_Device_Library\Core\Src\usbd_ctlreq.c">
      <Filter>libs\USBD</Filter>
    </ClCompile>
    <ClCompile Include="..\..\..\..\libs\STM32Cube_FW_F2_V1.1.0\Middlewares\ST\STM32_USB_Device_Library\Core\Src\usbd_ioreq.c">
      <Filter>libs\USBD</Filter>
    </ClCompile>
    <ClCompile Include="..\..\src\Tables.c">
      <Filter>src</Filter>
    </ClCompile>
    <ClCompile Include="..\..\src\Menu\Pages\PageServiceMath.h">
      <Filter>Menu\Pages</Filter>
    </ClCompile>
    <ClCompile Include="..\..\src\Menu\Pages\PageCursorsSetSB.h">
      <Filter>Menu\Pages</Filter>
    </ClCompile>
    <ClCompile Include="..\..\src\Hardware\ADC.c">
      <Filter>Hardware</Filter>
    </ClCompile>
    <ClCompile Include="..\..\..\..\libs\STM32Cube_FW_F2_V1.1.0\Middlewares\Third_Party\LwIP\src\netif\etharp.c">
      <Filter>MiddleWares\LwIP\Netif</Filter>
    </ClCompile>
    <ClCompile Include="..\..\src\libs\LwIP\UnityLwIP.c">
      <Filter>libs\LwIP</Filter>
    </ClCompile>
    <ClCompile Include="..\..\..\..\libs\STM32Cube_FW_F2_V1.1.0\Middlewares\Third_Party\FatFs\src\diskio.c">
      <Filter>MiddleWares\FatFS\Core</Filter>
    </ClCompile>
    <ClCompile Include="..\..\..\..\libs\STM32Cube_FW_F2_V1.1.0\Middlewares\Third_Party\FatFs\src\ff.c">
      <Filter>MiddleWares\FatFS\Core</Filter>
    </ClCompile>
    <ClCompile Include="..\..\..\..\libs\STM32Cube_FW_F2_V1.1.0\Middlewares\Third_Party\FatFs\src\ff_gen_drv.c">
      <Filter>MiddleWares\FatFS\Core</Filter>
    </ClCompile>
    <ClCompile Include="..\..\..\..\libs\STM32Cube_FW_F2_V1.1.0\Middlewares\Third_Party\FatFs\src\drivers\usbh_diskio.c">
      <Filter>MiddleWares\FatFS\Drivers</Filter>
    </ClCompile>
    <ClCompile Include="..\..\src\libs\FatFS\UnityFatFS.c">
      <Filter>libs\FatFS</Filter>
    </ClCompile>
    <ClCompile Include="..\..\..\..\libs\STM32Cube_FW_F2_V1.1.0\Middlewares\ST\STM32_USB_Host_Library\Class\MSC\Src\usbh_msc.c">
      <Filter>MiddleWares\USBH\MSC</Filter>
    </ClCompile>
    <ClCompile Include="..\..\..\..\libs\STM32Cube_FW_F2_V1.1.0\Middlewares\ST\STM32_USB_Host_Library\Class\MSC\Src\usbh_msc_bot.c">
      <Filter>MiddleWares\USBH\MSC</Filter>
    </ClCompile>
    <ClCompile Include="..\..\..\..\libs\STM32Cube_FW_F2_V1.1.0\Middlewares\ST\STM32_USB_Host_Library\Class\MSC\Src\usbh_msc_scsi.c">
      <Filter>MiddleWares\USBH\MSC</Filter>
    </ClCompile>
    <ClCompile Include="..\..\..\..\libs\STM32Cube_FW_F2_V1.1.0\Middlewares\ST\STM32_USB_Host_Library\Core\Src\usbh_core.c">
      <Filter>MiddleWares\USBH\Core</Filter>
    </ClCompile>
    <ClCompile Include="..\..\..\..\libs\STM32Cube_FW_F2_V1.1.0\Middlewares\ST\STM32_USB_Host_Library\Core\Src\usbh_ctlreq.c">
      <Filter>MiddleWares\USBH\Core</Filter>
    </ClCompile>
    <ClCompile Include="..\..\..\..\libs\STM32Cube_FW_F2_V1.1.0\Middlewares\ST\STM32_USB_Host_Library\Core\Src\usbh_ioreq.c">
      <Filter>MiddleWares\USBH\Core</Filter>
    </ClCompile>
    <ClCompile Include="..\..\..\..\libs\STM32Cube_FW_F2_V1.1.0\Middlewares\ST\STM32_USB_Host_Library\Core\Src\usbh_pipes.c">
      <Filter>MiddleWares\USBH\Core</Filter>
    </ClCompile>
    <ClCompile Include="..\..\src\libs\USBH\usbh_conf.c">
      <Filter>libs\USBH</Filter>
    </ClCompile>
    <ClCompile Include="..\..\src\Hardware\MSP_USBH.c">
      <Filter>Hardware</Filter>
    </ClCompile>
    <ClCompile Include="..\..\src\main.c">
      <Filter>src</Filter>
    </ClCompile>
    <ClCompile Include="..\..\src\defines.c">
      <Filter>src</Filter>
    </ClCompile>
    <ClCompile Include="..\..\src\Globals.c">
      <Filter>src</Filter>
    </ClCompile>
    <ClCompile Include="..\..\src\libs\HAL\stm32f2xx_hal_msp.c">
      <Filter>libs\HAL</Filter>
    </ClCompile>
    <ClCompile Include="..\..\src\libs\HAL\UnityHAL.c">
      <Filter>libs\HAL</Filter>
    </ClCompile>
    <ClCompile Include="..\..\src\FlashDrive\FlashDrive.c">
      <Filter>FlashDrive</Filter>
    </ClCompile>
    <ClCompile Include="..\..\src\Menu\UnityMenu.c">
      <Filter>Menu</Filter>
    </ClCompile>
    <ClCompile Include="..\..\src\Utils\Strings.c">
      <Filter>Utils</Filter>
    </ClCompile>
    <ClCompile Include="..\..\src\Utils\Map.c">
      <Filter>Utils</Filter>
    </ClCompile>
    <ClCompile Include="..\..\src\VCP\SCPI\channelSCPI.c">
      <Filter>VCP\SCPI</Filter>
    </ClCompile>
    <ClCompile Include="..\..\src\VCP\SCPI\commonSCPI.c">
      <Filter>VCP\SCPI</Filter>
    </ClCompile>
    <ClCompile Include="..\..\src\VCP\SCPI\controlSCPI.c">
      <Filter>VCP\SCPI</Filter>
    </ClCompile>
    <ClCompile Include="..\..\src\VCP\SCPI\displaySCPI.c">
      <Filter>VCP\SCPI</Filter>
    </ClCompile>
    <ClCompile Include="..\..\src\VCP\SCPI\SCPI.c">
      <Filter>VCP\SCPI</Filter>
    </ClCompile>
    <ClCompile Include="..\..\src\Ethernet\Ethernet.c">
      <Filter>Ethernet</Filter>
    </ClCompile>
    <ClCompile Include="..\..\src\VCP\SCPI\tbaseSCPI.c">
      <Filter>VCP\SCPI</Filter>
    </ClCompile>
    <ClCompile Include="..\..\src\VCP\SCPI\trigSCPI.c">
      <Filter>VCP\SCPI</Filter>
    </ClCompile>
    <ClCompile Include="..\..\src\Settings\SettingsChannel.c">
      <Filter>Settings</Filter>
    </ClCompile>
    <ClCompile Include="..\..\src\Settings\SettingsDisplay.c">
      <Filter>Settings</Filter>
    </ClCompile>
    <ClCompile Include="..\..\src\Settings\SettingsrMemory.c">
      <Filter>Settings</Filter>
    </ClCompile>
    <ClCompile Include="..\..\src\Settings\SettingsTime.c">
      <Filter>Settings</Filter>
    </ClCompile>
    <ClCompile Include="..\..\src\Settings\SettingsMeasures.c">
      <Filter>Settings</Filter>
    </ClCompile>
    <ClCompile Include="..\..\src\Settings\SettingsService.c">
      <Filter>Settings</Filter>
    </ClCompile>
    <ClCompile Include="..\..\src\Settings\SettingsCursors.c">
      <Filter>Settings</Filter>
    </ClCompile>
    <ClCompile Include="..\..\src\Settings\SettingsDebug.c">
      <Filter>Settings</Filter>
    </ClCompile>
    <ClCompile Include="..\..\src\FPGA\DataStorage.c">
      <Filter>FPGA</Filter>
    </ClCompile>
    <ClCompile Include="..\..\src\FPGA\FPGA.c">
      <Filter>FPGA</Filter>
    </ClCompile>
    <ClCompile Include="..\..\src\FPGA\FPGA_Calibration.c">
      <Filter>FPGA</Filter>
    </ClCompile>
    <ClCompile Include="..\..\src\FPGA\FPGA_Settings.c">
      <Filter>FPGA</Filter>
    </ClCompile>
    <ClCompile Include="..\..\src\Display\Colors.c">
      <Filter>Display</Filter>
    </ClCompile>
    <ClCompile Include="..\..\src\Display\Display.c">
      <Filter>Display</Filter>
    </ClCompile>
    <ClCompile Include="..\..\src\Display\DisplayPrimitives.c">
      <Filter>Display</Filter>
    </ClCompile>
    <ClCompile Include="..\..\src\Display\Grid.c">
      <Filter>Display</Filter>
    </ClCompile>
    <ClCompile Include="..\..\src\Display\Math3D.c">
      <Filter>Display</Filter>
    </ClCompile>
    <ClCompile Include="..\..\src\Display\Painter.c">
      <Filter>Display</Filter>
    </ClCompile>
    <ClCompile Include="..\..\src\Display\WelcomeScreen.c">
      <Filter>Display</Filter>
    </ClCompile>
    <ClCompile Include="..\..\src\Display\font\Font.c">
      <Filter>Display\font</Filter>
    </ClCompile>
    <ClCompile Include="..\..\src\Utils\Generator.c">
      <Filter>Utils</Filter>
    </ClCompile>
    <ClCompile Include="..\..\src\Utils\GlobalFunctions.c">
      <Filter>Utils</Filter>
    </ClCompile>
    <ClCompile Include="..\..\src\Utils\Math.c">
      <Filter>Utils</Filter>
    </ClCompile>
    <ClCompile Include="..\..\src\Utils\Measures.c">
      <Filter>Utils</Filter>
    </ClCompile>
    <ClCompile Include="..\..\src\Utils\ProcessingSignal.c">
      <Filter>Utils</Filter>
    </ClCompile>
    <ClCompile Include="..\..\src\Utils\Stack2500uint16.cpp">
      <Filter>Utils</Filter>
    </ClCompile>
    <ClCompile Include="..\..\src\VCP\VCP.c">
      <Filter>VCP</Filter>
    </ClCompile>
    <ClCompile Include="..\..\src\Ethernet\Server.c">
      <Filter>Ethernet</Filter>
    </ClCompile>
    <ClCompile Include="..\..\..\..\libs\STM32Cube_FW_F2_V1.1.0\Middlewares\Third_Party\LwIP\src\core\tcp.c">
      <Filter>libs\LwIP</Filter>
    </ClCompile>
    <ClCompile Include="..\..\src\libs\LwIP\app_ethernet.c">
      <Filter>libs\LwIP</Filter>
    </ClCompile>
    <ClCompile Include="..\..\src\libs\LwIP\ethernetif.c">
      <Filter>libs\LwIP</Filter>
    </ClCompile>
    <ClCompile Include="..\..\src\libs\LwIP\UnitiLwIPapi.c">
      <Filter>libs\LwIP</Filter>
    </ClCompile>
    <ClCompile Include="..\..\src\Display\PainterText.c">
      <Filter>Display</Filter>
    </ClCompile>
    <ClCompile Include="..\..\src\Menu\Pages\HelpContent.c">
      <Filter>Menu\Pages</Filter>
    </ClCompile>
    <ClCompile Include="..\..\src\Display\PainterMem.c">
      <Filter>Display</Filter>
    </ClCompile>
    <ClCompile Include="..\..\src\VCP\USBD\UnityUSBD.c">
      <Filter>VCP\USBD</Filter>
    </ClCompile>
    <ClCompile Include="..\..\src\VCP\USBD\usbd_cdc_interface.c">
      <Filter>VCP\USBD</Filter>
    </ClCompile>
    <ClCompile Include="..\..\src\VCP\USBD\usbd_conf.c">
      <Filter>VCP\USBD</Filter>
    </ClCompile>
    <ClCompile Include="..\..\src\VCP\USBD\usbd_desc.c">
      <Filter>VCP\USBD</Filter>
    </ClCompile>
    <ClCompile Include="..\..\src\Hardware\RTC.cpp">
      <Filter>Hardware</Filter>
    </ClCompile>
    <ClCompile Include="..\..\STM32Cube_FW_F2_V1.1.0\Drivers\STM32F2xx_HAL_Driver\Src\stm32f2xx_hal.c">
      <Filter>Drivers\HAL_Driver</Filter>
    </ClCompile>
    <ClCompile Include="..\..\STM32Cube_FW_F2_V1.1.0\Drivers\STM32F2xx_HAL_Driver\Src\stm32f2xx_hal_adc.c">
      <Filter>Drivers\HAL_Driver</Filter>
    </ClCompile>
    <ClCompile Include="..\..\STM32Cube_FW_F2_V1.1.0\Drivers\STM32F2xx_HAL_Driver\Src\stm32f2xx_hal_adc_ex.c">
      <Filter>Drivers\HAL_Driver</Filter>
    </ClCompile>
    <ClCompile Include="..\..\STM32Cube_FW_F2_V1.1.0\Drivers\STM32F2xx_HAL_Driver\Src\stm32f2xx_hal_can.c">
      <Filter>Drivers\HAL_Driver</Filter>
    </ClCompile>
    <ClCompile Include="..\..\STM32Cube_FW_F2_V1.1.0\Drivers\STM32F2xx_HAL_Driver\Src\stm32f2xx_hal_cortex.c">
      <Filter>Drivers\HAL_Driver</Filter>
    </ClCompile>
    <ClCompile Include="..\..\STM32Cube_FW_F2_V1.1.0\Drivers\STM32F2xx_HAL_Driver\Src\stm32f2xx_hal_crc.c">
      <Filter>Drivers\HAL_Driver</Filter>
    </ClCompile>
    <ClCompile Include="..\..\STM32Cube_FW_F2_V1.1.0\Drivers\STM32F2xx_HAL_Driver\Src\stm32f2xx_hal_cryp.c">
      <Filter>Drivers\HAL_Driver</Filter>
    </ClCompile>
    <ClCompile Include="..\..\STM32Cube_FW_F2_V1.1.0\Drivers\STM32F2xx_HAL_Driver\Src\stm32f2xx_hal_dac.c">
      <Filter>Drivers\HAL_Driver</Filter>
    </ClCompile>
    <ClCompile Include="..\..\STM32Cube_FW_F2_V1.1.0\Drivers\STM32F2xx_HAL_Driver\Src\stm32f2xx_hal_dac_ex.c">
      <Filter>Drivers\HAL_Driver</Filter>
    </ClCompile>
    <ClCompile Include="..\..\STM32Cube_FW_F2_V1.1.0\Drivers\STM32F2xx_HAL_Driver\Src\stm32f2xx_hal_dcmi.c">
      <Filter>Drivers\HAL_Driver</Filter>
    </ClCompile>
    <ClCompile Include="..\..\STM32Cube_FW_F2_V1.1.0\Drivers\STM32F2xx_HAL_Driver\Src\stm32f2xx_hal_dma.c">
      <Filter>Drivers\HAL_Driver</Filter>
    </ClCompile>
    <ClCompile Include="..\..\STM32Cube_FW_F2_V1.1.0\Drivers\STM32F2xx_HAL_Driver\Src\stm32f2xx_hal_dma_ex.c">
      <Filter>Drivers\HAL_Driver</Filter>
    </ClCompile>
    <ClCompile Include="..\..\STM32Cube_FW_F2_V1.1.0\Drivers\STM32F2xx_HAL_Driver\Src\stm32f2xx_hal_eth.c">
      <Filter>Drivers\HAL_Driver</Filter>
    </ClCompile>
    <ClCompile Include="..\..\STM32Cube_FW_F2_V1.1.0\Drivers\STM32F2xx_HAL_Driver\Src\stm32f2xx_hal_flash.c">
      <Filter>Drivers\HAL_Driver</Filter>
    </ClCompile>
    <ClCompile Include="..\..\STM32Cube_FW_F2_V1.1.0\Drivers\STM32F2xx_HAL_Driver\Src\stm32f2xx_hal_flash_ex.c">
      <Filter>Drivers\HAL_Driver</Filter>
    </ClCompile>
    <ClCompile Include="..\..\STM32Cube_FW_F2_V1.1.0\Drivers\STM32F2xx_HAL_Driver\Src\stm32f2xx_hal_gpio.c">
      <Filter>Drivers\HAL_Driver</Filter>
    </ClCompile>
    <ClCompile Include="..\..\STM32Cube_FW_F2_V1.1.0\Drivers\STM32F2xx_HAL_Driver\Src\stm32f2xx_hal_hash.c">
      <Filter>Drivers\HAL_Driver</Filter>
    </ClCompile>
    <ClCompile Include="..\..\STM32Cube_FW_F2_V1.1.0\Drivers\STM32F2xx_HAL_Driver\Src\stm32f2xx_hal_hcd.c">
      <Filter>Drivers\HAL_Driver</Filter>
    </ClCompile>
    <ClCompile Include="..\..\STM32Cube_FW_F2_V1.1.0\Drivers\STM32F2xx_HAL_Driver\Src\stm32f2xx_hal_i2c.c">
      <Filter>Drivers\HAL_Driver</Filter>
    </ClCompile>
    <ClCompile Include="..\..\STM32Cube_FW_F2_V1.1.0\Drivers\STM32F2xx_HAL_Driver\Src\stm32f2xx_hal_i2s.c">
      <Filter>Drivers\HAL_Driver</Filter>
    </ClCompile>
    <ClCompile Include="..\..\STM32Cube_FW_F2_V1.1.0\Drivers\STM32F2xx_HAL_Driver\Src\stm32f2xx_hal_irda.c">
      <Filter>Drivers\HAL_Driver</Filter>
    </ClCompile>
    <ClCompile Include="..\..\STM32Cube_FW_F2_V1.1.0\Drivers\STM32F2xx_HAL_Driver\Src\stm32f2xx_hal_iwdg.c">
      <Filter>Drivers\HAL_Driver</Filter>
    </ClCompile>
    <ClCompile Include="..\..\STM32Cube_FW_F2_V1.1.0\Drivers\STM32F2xx_HAL_Driver\Src\stm32f2xx_hal_msp_template.c">
      <Filter>Drivers\HAL_Driver</Filter>
    </ClCompile>
    <ClCompile Include="..\..\STM32Cube_FW_F2_V1.1.0\Drivers\STM32F2xx_HAL_Driver\Src\stm32f2xx_hal_nand.c">
      <Filter>Drivers\HAL_Driver</Filter>
    </ClCompile>
    <ClCompile Include="..\..\STM32Cube_FW_F2_V1.1.0\Drivers\STM32F2xx_HAL_Driver\Src\stm32f2xx_hal_nor.c">
      <Filter>Drivers\HAL_Driver</Filter>
    </ClCompile>
    <ClCompile Include="..\..\STM32Cube_FW_F2_V1.1.0\Drivers\STM32F2xx_HAL_Driver\Src\stm32f2xx_hal_pccard.c">
      <Filter>Drivers\HAL_Driver</Filter>
    </ClCompile>
    <ClCompile Include="..\..\STM32Cube_FW_F2_V1.1.0\Drivers\STM32F2xx_HAL_Driver\Src\stm32f2xx_hal_pcd.c">
      <Filter>Drivers\HAL_Driver</Filter>
    </ClCompile>
    <ClCompile Include="..\..\STM32Cube_FW_F2_V1.1.0\Drivers\STM32F2xx_HAL_Driver\Src\stm32f2xx_hal_pwr.c">
      <Filter>Drivers\HAL_Driver</Filter>
    </ClCompile>
    <ClCompile Include="..\..\STM32Cube_FW_F2_V1.1.0\Drivers\STM32F2xx_HAL_Driver\Src\stm32f2xx_hal_pwr_ex.c">
      <Filter>Drivers\HAL_Driver</Filter>
    </ClCompile>
    <ClCompile Include="..\..\STM32Cube_FW_F2_V1.1.0\Drivers\STM32F2xx_HAL_Driver\Src\stm32f2xx_hal_rcc.c">
      <Filter>Drivers\HAL_Driver</Filter>
    </ClCompile>
    <ClCompile Include="..\..\STM32Cube_FW_F2_V1.1.0\Drivers\STM32F2xx_HAL_Driver\Src\stm32f2xx_hal_rcc_ex.c">
      <Filter>Drivers\HAL_Driver</Filter>
    </ClCompile>
    <ClCompile Include="..\..\STM32Cube_FW_F2_V1.1.0\Drivers\STM32F2xx_HAL_Driver\Src\stm32f2xx_hal_rng.c">
      <Filter>Drivers\HAL_Driver</Filter>
    </ClCompile>
    <ClCompile Include="..\..\STM32Cube_FW_F2_V1.1.0\Drivers\STM32F2xx_HAL_Driver\Src\stm32f2xx_hal_rtc.c">
      <Filter>Drivers\HAL_Driver</Filter>
    </ClCompile>
    <ClCompile Include="..\..\STM32Cube_FW_F2_V1.1.0\Drivers\STM32F2xx_HAL_Driver\Src\stm32f2xx_hal_rtc_ex.c">
      <Filter>Drivers\HAL_Driver</Filter>
    </ClCompile>
    <ClCompile Include="..\..\STM32Cube_FW_F2_V1.1.0\Drivers\STM32F2xx_HAL_Driver\Src\stm32f2xx_hal_sd.c">
      <Filter>Drivers\HAL_Driver</Filter>
    </ClCompile>
    <ClCompile Include="..\..\STM32Cube_FW_F2_V1.1.0\Drivers\STM32F2xx_HAL_Driver\Src\stm32f2xx_hal_smartcard.c">
      <Filter>Drivers\HAL_Driver</Filter>
    </ClCompile>
    <ClCompile Include="..\..\STM32Cube_FW_F2_V1.1.0\Drivers\STM32F2xx_HAL_Driver\Src\stm32f2xx_hal_spi.c">
      <Filter>Drivers\HAL_Driver</Filter>
    </ClCompile>
    <ClCompile Include="..\..\STM32Cube_FW_F2_V1.1.0\Drivers\STM32F2xx_HAL_Driver\Src\stm32f2xx_hal_sram.c">
      <Filter>Drivers\HAL_Driver</Filter>
    </ClCompile>
    <ClCompile Include="..\..\STM32Cube_FW_F2_V1.1.0\Drivers\STM32F2xx_HAL_Driver\Src\stm32f2xx_hal_tim.c">
      <Filter>Drivers\HAL_Driver</Filter>
    </ClCompile>
    <ClCompile Include="..\..\STM32Cube_FW_F2_V1.1.0\Drivers\STM32F2xx_HAL_Driver\Src\stm32f2xx_hal_tim_ex.c">
      <Filter>Drivers\HAL_Driver</Filter>
    </ClCompile>
    <ClCompile Include="..\..\STM32Cube_FW_F2_V1.1.0\Drivers\STM32F2xx_HAL_Driver\Src\stm32f2xx_hal_uart.c">
      <Filter>Drivers\HAL_Driver</Filter>
    </ClCompile>
    <ClCompile Include="..\..\STM32Cube_FW_F2_V1.1.0\Drivers\STM32F2xx_HAL_Driver\Src\stm32f2xx_hal_usart.c">
      <Filter>Drivers\HAL_Driver</Filter>
    </ClCompile>
    <ClCompile Include="..\..\STM32Cube_FW_F2_V1.1.0\Drivers\STM32F2xx_HAL_Driver\Src\stm32f2xx_hal_wwdg.c">
      <Filter>Drivers\HAL_Driver</Filter>
    </ClCompile>
    <ClCompile Include="..\..\STM32Cube_FW_F2_V1.1.0\Drivers\STM32F2xx_HAL_Driver\Src\stm32f2xx_ll_fsmc.c">
      <Filter>Drivers\HAL_Driver</Filter>
    </ClCompile>
    <ClCompile Include="..\..\STM32Cube_FW_F2_V1.1.0\Drivers\STM32F2xx_HAL_Driver\Src\stm32f2xx_ll_sdmmc.c">
      <Filter>Drivers\HAL_Driver</Filter>
    </ClCompile>
    <ClCompile Include="..\..\STM32Cube_FW_F2_V1.1.0\Drivers\STM32F2xx_HAL_Driver\Src\stm32f2xx_ll_usb.c">
      <Filter>Drivers\HAL_Driver</Filter>
    </ClCompile>
  </ItemGroup>
  <ItemGroup>
    <ClInclude Include="..\..\src\Hardware\Hardware.h">
      <Filter>Hardware</Filter>
    </ClInclude>
    <ClInclude Include="..\..\src\Hardware\FLASH.h">
      <Filter>Hardware</Filter>
    </ClInclude>
    <ClInclude Include="..\..\src\Log.h">
      <Filter>src</Filter>
    </ClInclude>
    <ClInclude Include="..\..\src\Settings\Settings.h">
      <Filter>Settings</Filter>
    </ClInclude>
    <ClInclude Include="..\..\src\Settings\SettingsTypes.h">
      <Filter>Settings</Filter>
    </ClInclude>
    <ClInclude Include="..\..\src\Menu\FileManager.h">
      <Filter>Menu</Filter>
    </ClInclude>
    <ClInclude Include="..\..\src\Menu\Menu.h">
      <Filter>Menu</Filter>
    </ClInclude>
    <ClInclude Include="..\..\src\Menu\MenuDrawing.h">
      <Filter>Menu</Filter>
    </ClInclude>
    <ClInclude Include="..\..\src\Menu\MenuFunctions.h">
      <Filter>Menu</Filter>
    </ClInclude>
    <ClInclude Include="..\..\src\Menu\MenuItems.h">
      <Filter>Menu</Filter>
    </ClInclude>
    <ClInclude Include="..\..\src\Menu\MenuItemsGraphics.h">
      <Filter>Menu</Filter>
    </ClInclude>
    <ClInclude Include="..\..\src\Menu\MenuItemsLogic.h">
      <Filter>Menu</Filter>
    </ClInclude>
    <ClInclude Include="..\..\src\Menu\Pages\Definition.h">
      <Filter>Menu\Pages</Filter>
    </ClInclude>
    <ClInclude Include="..\..\src\Menu\Pages\PageCursors.h">
      <Filter>Menu\Pages</Filter>
    </ClInclude>
    <ClInclude Include="..\..\src\Menu\Pages\PageHelp.h">
      <Filter>Menu\Pages</Filter>
    </ClInclude>
    <ClInclude Include="..\..\src\Menu\Pages\PageMemory.h">
      <Filter>Menu\Pages</Filter>
    </ClInclude>
    <ClInclude Include="..\..\src\Panel\Controls.h">
      <Filter>Panel</Filter>
    </ClInclude>
    <ClInclude Include="..\..\src\Panel\Panel.h">
      <Filter>Panel</Filter>
    </ClInclude>
    <ClInclude Include="..\..\src\Display\Colors.h">
      <Filter>Display</Filter>
    </ClInclude>
    <ClInclude Include="..\..\src\Display\Display.h">
      <Filter>Display</Filter>
    </ClInclude>
    <ClInclude Include="..\..\src\Timer.h">
      <Filter>src</Filter>
    </ClInclude>
    <ClInclude Include="..\..\src\Hardware\FSMC.h">
      <Filter>Hardware</Filter>
    </ClInclude>
    <ClInclude Include="..\..\src\Hardware\Sound.h">
      <Filter>Hardware</Filter>
    </ClInclude>
    <ClInclude Include="..\..\src\libs\stm32f2xx_it.h">
      <Filter>libs</Filter>
    </ClInclude>
    <ClInclude Include="..\..\src\libs\USB\usbd_conf.h">
      <Filter>libs\USBD</Filter>
    </ClInclude>
    <ClInclude Include="..\..\src\libs\USB\usbd_desc.h">
      <Filter>libs\USBD</Filter>
    </ClInclude>
    <ClInclude Include="..\..\..\..\libs\STM32Cube_FW_F2_V1.1.0\Middlewares\ST\STM32_USB_Device_Library\Class\CDC\Inc\usbd_cdc.h">
      <Filter>MiddleWares\USBD</Filter>
    </ClInclude>
    <ClInclude Include="..\..\..\..\libs\STM32Cube_FW_F2_V1.1.0\Middlewares\ST\STM32_USB_Device_Library\Core\Inc\usbd_def.h">
      <Filter>MiddleWares\USBD</Filter>
    </ClInclude>
    <ClInclude Include="..\..\..\..\libs\STM32Cube_FW_F2_V1.1.0\Middlewares\ST\STM32_USB_Device_Library\Core\Inc\usbd_core.h">
      <Filter>MiddleWares\USBD</Filter>
    </ClInclude>
    <ClInclude Include="..\..\..\..\libs\STM32Cube_FW_F2_V1.1.0\Middlewares\ST\STM32_USB_Device_Library\Core\Inc\usbd_conf_template.h">
      <Filter>libs\USBD</Filter>
    </ClInclude>
    <ClInclude Include="..\..\..\..\libs\STM32Cube_FW_F2_V1.1.0\Middlewares\ST\STM32_USB_Device_Library\Core\Inc\usbd_ctlreq.h">
      <Filter>libs\USBD</Filter>
    </ClInclude>
    <ClInclude Include="..\..\..\..\libs\STM32Cube_FW_F2_V1.1.0\Middlewares\ST\STM32_USB_Device_Library\Core\Inc\usbd_ioreq.h">
      <Filter>libs\USBD</Filter>
    </ClInclude>
    <ClInclude Include="..\..\src\Display\Painter.h">
      <Filter>Display</Filter>
    </ClInclude>
    <ClInclude Include="..\..\src\defines.h">
      <Filter>src</Filter>
    </ClInclude>
    <ClInclude Include="..\..\src\Tables.h">
      <Filter>src</Filter>
    </ClInclude>
    <ClInclude Include="..\..\src\Hardware\ADC.h">
      <Filter>Hardware</Filter>
    </ClInclude>
    <ClInclude Include="..\..\..\..\libs\STM32Cube_FW_F2_V1.1.0\Middlewares\Third_Party\LwIP\src\include\ipv4\lwip\ip_addr.h">
      <Filter>MiddleWares\LwIP\ipv4</Filter>
    </ClInclude>
    <ClInclude Include="..\..\..\..\libs\STM32Cube_FW_F2_V1.1.0\Middlewares\Third_Party\LwIP\src\include\lwip\lwip_timers.h">
      <Filter>MiddleWares\LwIP</Filter>
    </ClInclude>
    <ClInclude Include="..\..\..\..\libs\STM32Cube_FW_F2_V1.1.0\Middlewares\Third_Party\LwIP\src\include\lwip\netif.h">
      <Filter>MiddleWares\LwIP</Filter>
    </ClInclude>
    <ClInclude Include="..\..\..\..\libs\STM32Cube_FW_F2_V1.1.0\Middlewares\Third_Party\LwIP\src\include\netif\etharp.h">
      <Filter>MiddleWares\LwIP\Netif</Filter>
    </ClInclude>
    <ClInclude Include="..\..\..\..\libs\STM32Cube_FW_F2_V1.1.0\Middlewares\Third_Party\FatFs\src\diskio.h">
      <Filter>MiddleWares\FatFS\Core</Filter>
    </ClInclude>
    <ClInclude Include="..\..\..\..\libs\STM32Cube_FW_F2_V1.1.0\Middlewares\Third_Party\FatFs\src\ff.h">
      <Filter>MiddleWares\FatFS\Core</Filter>
    </ClInclude>
    <ClInclude Include="..\..\..\..\libs\STM32Cube_FW_F2_V1.1.0\Middlewares\Third_Party\FatFs\src\ff_gen_drv.h">
      <Filter>MiddleWares\FatFS\Core</Filter>
    </ClInclude>
    <ClInclude Include="..\..\..\..\libs\STM32Cube_FW_F2_V1.1.0\Middlewares\Third_Party\FatFs\src\drivers\usbh_diskio.h">
      <Filter>MiddleWares\FatFS\Drivers</Filter>
    </ClInclude>
    <ClInclude Include="..\..\..\..\libs\STM32Cube_FW_F2_V1.1.0\Middlewares\ST\STM32_USB_Host_Library\Class\MSC\Inc\usbh_msc.h">
      <Filter>MiddleWares\USBH\MSC</Filter>
    </ClInclude>
    <ClInclude Include="..\..\..\..\libs\STM32Cube_FW_F2_V1.1.0\Middlewares\ST\STM32_USB_Host_Library\Class\MSC\Inc\usbh_msc_bot.h">
      <Filter>MiddleWares\USBH\MSC</Filter>
    </ClInclude>
    <ClInclude Include="..\..\..\..\libs\STM32Cube_FW_F2_V1.1.0\Middlewares\ST\STM32_USB_Host_Library\Class\MSC\Inc\usbh_msc_scsi.h">
      <Filter>MiddleWares\USBH\MSC</Filter>
    </ClInclude>
    <ClInclude Include="..\..\..\..\libs\STM32Cube_FW_F2_V1.1.0\Middlewares\ST\STM32_USB_Host_Library\Core\Inc\usbh_core.h">
      <Filter>MiddleWares\USBH\Core</Filter>
    </ClInclude>
    <ClInclude Include="..\..\..\..\libs\STM32Cube_FW_F2_V1.1.0\Middlewares\ST\STM32_USB_Host_Library\Core\Inc\usbh_ctlreq.h">
      <Filter>MiddleWares\USBH\Core</Filter>
    </ClInclude>
    <ClInclude Include="..\..\..\..\libs\STM32Cube_FW_F2_V1.1.0\Middlewares\ST\STM32_USB_Host_Library\Core\Inc\usbh_ioreq.h">
      <Filter>MiddleWares\USBH\Core</Filter>
    </ClInclude>
    <ClInclude Include="..\..\..\..\libs\STM32Cube_FW_F2_V1.1.0\Middlewares\ST\STM32_USB_Host_Library\Core\Inc\usbh_pipes.h">
      <Filter>MiddleWares\USBH\Core</Filter>
    </ClInclude>
    <ClInclude Include="..\..\src\libs\FatFS\ffconf.h">
      <Filter>libs\FatFS</Filter>
    </ClInclude>
    <ClInclude Include="..\..\src\main.h">
      <Filter>src</Filter>
    </ClInclude>
    <ClInclude Include="..\..\src\libs\USBH\usbh_conf.h">
      <Filter>libs\USBH</Filter>
    </ClInclude>
    <ClInclude Include="..\..\src\Globals.h">
      <Filter>src</Filter>
    </ClInclude>
    <ClInclude Include="..\..\src\libs\HAL\stm32f2xx_hal_conf.h">
      <Filter>libs\HAL</Filter>
    </ClInclude>
    <ClInclude Include="..\..\src\FlashDrive\FlashDrive.h">
      <Filter>FlashDrive</Filter>
    </ClInclude>
    <ClInclude Include="..\..\src\config.h">
      <Filter>src</Filter>
    </ClInclude>
    <ClInclude Include="..\..\src\Utils\Strings.h">
      <Filter>Utils</Filter>
    </ClInclude>
    <ClInclude Include="..\..\src\Utils\Map.h">
      <Filter>Utils</Filter>
    </ClInclude>
    <ClInclude Include="..\..\src\VCP\VCP.h">
      <Filter>VCP</Filter>
    </ClInclude>
    <ClInclude Include="..\..\src\FPGA\DataStorage.h">
      <Filter>FPGA</Filter>
    </ClInclude>
    <ClInclude Include="..\..\src\FPGA\FPGA.h">
      <Filter>FPGA</Filter>
    </ClInclude>
    <ClInclude Include="..\..\src\FPGA\FPGA_Types.h">
      <Filter>FPGA</Filter>
    </ClInclude>
    <ClInclude Include="..\..\src\VCP\SCPI\commonSCPI.h">
      <Filter>VCP\SCPI</Filter>
    </ClInclude>
    <ClInclude Include="..\..\src\VCP\SCPI\controlSCPI.h">
      <Filter>VCP\SCPI</Filter>
    </ClInclude>
    <ClInclude Include="..\..\src\VCP\SCPI\SCPI.h">
      <Filter>VCP\SCPI</Filter>
    </ClInclude>
    <ClInclude Include="..\..\src\Ethernet\Ethernet.h">
      <Filter>Ethernet</Filter>
    </ClInclude>
    <ClInclude Include="..\..\src\Settings\SettingsChannel.h">
      <Filter>Settings</Filter>
    </ClInclude>
    <ClInclude Include="..\..\src\Settings\SettingsDisplay.h">
      <Filter>Settings</Filter>
    </ClInclude>
    <ClInclude Include="..\..\src\Settings\SettingsMemory.h">
      <Filter>Settings</Filter>
    </ClInclude>
    <ClInclude Include="..\..\src\Settings\SettingsTime.h">
      <Filter>Settings</Filter>
    </ClInclude>
    <ClInclude Include="..\..\src\Settings\SettingsMeasures.h">
      <Filter>Settings</Filter>
    </ClInclude>
    <ClInclude Include="..\..\src\Settings\SettingsService.h">
      <Filter>Settings</Filter>
    </ClInclude>
    <ClInclude Include="..\..\src\Settings\SettingsCursors.h">
      <Filter>Settings</Filter>
    </ClInclude>
    <ClInclude Include="..\..\src\Settings\SettingsDebug.h">
      <Filter>Settings</Filter>
    </ClInclude>
    <ClInclude Include="..\..\src\FPGA\FPGA_Calibration.h">
      <Filter>FPGA</Filter>
    </ClInclude>
    <ClInclude Include="..\..\src\Display\DisplayPrimitives.h">
      <Filter>Display</Filter>
    </ClInclude>
    <ClInclude Include="..\..\src\Display\DisplayTypes.h">
      <Filter>Display</Filter>
    </ClInclude>
    <ClInclude Include="..\..\src\Display\Grid.h">
      <Filter>Display</Filter>
    </ClInclude>
    <ClInclude Include="..\..\src\Display\Math3D.h">
      <Filter>Display</Filter>
    </ClInclude>
    <ClInclude Include="..\..\src\Display\WelcomeScreen.h">
      <Filter>Display</Filter>
    </ClInclude>
    <ClInclude Include="..\..\src\Display\font\Font.h">
      <Filter>Display\font</Filter>
    </ClInclude>
    <ClInclude Include="..\..\src\Utils\Generator.h">
      <Filter>Utils</Filter>
    </ClInclude>
    <ClInclude Include="..\..\src\Utils\GlobalFunctions.h">
      <Filter>Utils</Filter>
    </ClInclude>
    <ClInclude Include="..\..\src\Utils\Math.h">
      <Filter>Utils</Filter>
    </ClInclude>
    <ClInclude Include="..\..\src\Utils\Measures.h">
      <Filter>Utils</Filter>
    </ClInclude>
    <ClInclude Include="..\..\src\Utils\ProcessingSignal.h">
      <Filter>Utils</Filter>
    </ClInclude>
    <ClInclude Include="..\..\src\Utils\Stack2500uint16.h">
      <Filter>Utils</Filter>
    </ClInclude>
    <ClInclude Include="..\..\src\Ethernet\Server.h">
      <Filter>Ethernet</Filter>
    </ClInclude>
    <ClInclude Include="..\..\..\..\libs\STM32Cube_FW_F2_V1.1.0\Middlewares\Third_Party\LwIP\src\include\lwip\tcp.h">
      <Filter>libs\LwIP</Filter>
    </ClInclude>
    <ClInclude Include="..\..\src\libs\LwIP\app_ethernet.h">
      <Filter>libs\LwIP</Filter>
    </ClInclude>
    <ClInclude Include="..\..\src\libs\LwIP\ethernetif.h">
      <Filter>libs\LwIP</Filter>
    </ClInclude>
    <ClInclude Include="..\..\src\libs\LwIP\lwipopts.h">
      <Filter>libs\LwIP</Filter>
    </ClInclude>
    <ClInclude Include="..\..\src\Display\PainterC.h">
      <Filter>Display</Filter>
    </ClInclude>
    <ClInclude Include="..\..\src\Display\PainterText.h">
      <Filter>Display</Filter>
    </ClInclude>
    <ClInclude Include="..\..\src\Menu\Pages\HelpContent.h">
      <Filter>Menu\Pages</Filter>
    </ClInclude>
    <ClInclude Include="..\..\src\Menu\Pages\HelpContentPages.h">
      <Filter>Menu\Pages</Filter>
    </ClInclude>
    <ClInclude Include="..\..\src\Display\PainterMem.h">
      <Filter>Display</Filter>
    </ClInclude>
    <ClInclude Include="..\..\src\VCP\USBD\usbd_cdc_interface.h">
      <Filter>VCP\USBD</Filter>
    </ClInclude>
    <ClInclude Include="..\..\src\VCP\USBD\usbd_conf.h">
      <Filter>VCP\USBD</Filter>
    </ClInclude>
    <ClInclude Include="..\..\src\VCP\USBD\usbd_desc.h">
      <Filter>VCP\USBD</Filter>
    </ClInclude>
    <ClInclude Include="..\..\src\Hardware\RTC.h">
      <Filter>Hardware</Filter>
    </ClInclude>
    <ClInclude Include="..\..\src\Display\Symbols.h">
      <Filter>Display</Filter>
    </ClInclude>
    <ClInclude Include="..\..\STM32Cube_FW_F2_V1.1.0\Drivers\STM32F2xx_HAL_Driver\Inc\stm32f2xx_hal.h">
      <Filter>Drivers\HAL_Driver</Filter>
    </ClInclude>
    <ClInclude Include="..\..\STM32Cube_FW_F2_V1.1.0\Drivers\STM32F2xx_HAL_Driver\Inc\stm32f2xx_hal_adc.h">
      <Filter>Drivers\HAL_Driver</Filter>
    </ClInclude>
    <ClInclude Include="..\..\STM32Cube_FW_F2_V1.1.0\Drivers\STM32F2xx_HAL_Driver\Inc\stm32f2xx_hal_adc_ex.h">
      <Filter>Drivers\HAL_Driver</Filter>
    </ClInclude>
    <ClInclude Include="..\..\STM32Cube_FW_F2_V1.1.0\Drivers\STM32F2xx_HAL_Driver\Inc\stm32f2xx_hal_can.h">
      <Filter>Drivers\HAL_Driver</Filter>
    </ClInclude>
    <ClInclude Include="..\..\STM32Cube_FW_F2_V1.1.0\Drivers\STM32F2xx_HAL_Driver\Inc\stm32f2xx_hal_conf_template.h">
      <Filter>Drivers\HAL_Driver</Filter>
    </ClInclude>
    <ClInclude Include="..\..\STM32Cube_FW_F2_V1.1.0\Drivers\STM32F2xx_HAL_Driver\Inc\stm32f2xx_hal_cortex.h">
      <Filter>Drivers\HAL_Driver</Filter>
    </ClInclude>
    <ClInclude Include="..\..\STM32Cube_FW_F2_V1.1.0\Drivers\STM32F2xx_HAL_Driver\Inc\stm32f2xx_hal_crc.h">
      <Filter>Drivers\HAL_Driver</Filter>
    </ClInclude>
    <ClInclude Include="..\..\STM32Cube_FW_F2_V1.1.0\Drivers\STM32F2xx_HAL_Driver\Inc\stm32f2xx_hal_cryp.h">
      <Filter>Drivers\HAL_Driver</Filter>
    </ClInclude>
    <ClInclude Include="..\..\STM32Cube_FW_F2_V1.1.0\Drivers\STM32F2xx_HAL_Driver\Inc\stm32f2xx_hal_dac.h">
      <Filter>Drivers\HAL_Driver</Filter>
    </ClInclude>
    <ClInclude Include="..\..\STM32Cube_FW_F2_V1.1.0\Drivers\STM32F2xx_HAL_Driver\Inc\stm32f2xx_hal_dac_ex.h">
      <Filter>Drivers\HAL_Driver</Filter>
    </ClInclude>
    <ClInclude Include="..\..\STM32Cube_FW_F2_V1.1.0\Drivers\STM32F2xx_HAL_Driver\Inc\stm32f2xx_hal_dcmi.h">
      <Filter>Drivers\HAL_Driver</Filter>
    </ClInclude>
    <ClInclude Include="..\..\STM32Cube_FW_F2_V1.1.0\Drivers\STM32F2xx_HAL_Driver\Inc\stm32f2xx_hal_def.h">
      <Filter>Drivers\HAL_Driver</Filter>
    </ClInclude>
    <ClInclude Include="..\..\STM32Cube_FW_F2_V1.1.0\Drivers\STM32F2xx_HAL_Driver\Inc\stm32f2xx_hal_dma.h">
      <Filter>Drivers\HAL_Driver</Filter>
    </ClInclude>
    <ClInclude Include="..\..\STM32Cube_FW_F2_V1.1.0\Drivers\STM32F2xx_HAL_Driver\Inc\stm32f2xx_hal_dma_ex.h">
      <Filter>Drivers\HAL_Driver</Filter>
    </ClInclude>
    <ClInclude Include="..\..\STM32Cube_FW_F2_V1.1.0\Drivers\STM32F2xx_HAL_Driver\Inc\stm32f2xx_hal_eth.h">
      <Filter>Drivers\HAL_Driver</Filter>
    </ClInclude>
    <ClInclude Include="..\..\STM32Cube_FW_F2_V1.1.0\Drivers\STM32F2xx_HAL_Driver\Inc\stm32f2xx_hal_flash.h">
      <Filter>Drivers\HAL_Driver</Filter>
    </ClInclude>
    <ClInclude Include="..\..\STM32Cube_FW_F2_V1.1.0\Drivers\STM32F2xx_HAL_Driver\Inc\stm32f2xx_hal_flash_ex.h">
      <Filter>Drivers\HAL_Driver</Filter>
    </ClInclude>
    <ClInclude Include="..\..\STM32Cube_FW_F2_V1.1.0\Drivers\STM32F2xx_HAL_Driver\Inc\stm32f2xx_hal_gpio.h">
      <Filter>Drivers\HAL_Driver</Filter>
    </ClInclude>
    <ClInclude Include="..\..\STM32Cube_FW_F2_V1.1.0\Drivers\STM32F2xx_HAL_Driver\Inc\stm32f2xx_hal_gpio_ex.h">
      <Filter>Drivers\HAL_Driver</Filter>
    </ClInclude>
    <ClInclude Include="..\..\STM32Cube_FW_F2_V1.1.0\Drivers\STM32F2xx_HAL_Driver\Inc\stm32f2xx_hal_hash.h">
      <Filter>Drivers\HAL_Driver</Filter>
    </ClInclude>
    <ClInclude Include="..\..\STM32Cube_FW_F2_V1.1.0\Drivers\STM32F2xx_HAL_Driver\Inc\stm32f2xx_hal_hcd.h">
      <Filter>Drivers\HAL_Driver</Filter>
    </ClInclude>
    <ClInclude Include="..\..\STM32Cube_FW_F2_V1.1.0\Drivers\STM32F2xx_HAL_Driver\Inc\stm32f2xx_hal_i2c.h">
      <Filter>Drivers\HAL_Driver</Filter>
    </ClInclude>
    <ClInclude Include="..\..\STM32Cube_FW_F2_V1.1.0\Drivers\STM32F2xx_HAL_Driver\Inc\stm32f2xx_hal_i2s.h">
      <Filter>Drivers\HAL_Driver</Filter>
    </ClInclude>
    <ClInclude Include="..\..\STM32Cube_FW_F2_V1.1.0\Drivers\STM32F2xx_HAL_Driver\Inc\stm32f2xx_hal_irda.h">
      <Filter>Drivers\HAL_Driver</Filter>
    </ClInclude>
    <ClInclude Include="..\..\STM32Cube_FW_F2_V1.1.0\Drivers\STM32F2xx_HAL_Driver\Inc\stm32f2xx_hal_iwdg.h">
      <Filter>Drivers\HAL_Driver</Filter>
    </ClInclude>
    <ClInclude Include="..\..\STM32Cube_FW_F2_V1.1.0\Drivers\STM32F2xx_HAL_Driver\Inc\stm32f2xx_hal_nand.h">
      <Filter>Drivers\HAL_Driver</Filter>
    </ClInclude>
    <ClInclude Include="..\..\STM32Cube_FW_F2_V1.1.0\Drivers\STM32F2xx_HAL_Driver\Inc\stm32f2xx_hal_nor.h">
      <Filter>Drivers\HAL_Driver</Filter>
    </ClInclude>
    <ClInclude Include="..\..\STM32Cube_FW_F2_V1.1.0\Drivers\STM32F2xx_HAL_Driver\Inc\stm32f2xx_hal_pccard.h">
      <Filter>Drivers\HAL_Driver</Filter>
    </ClInclude>
    <ClInclude Include="..\..\STM32Cube_FW_F2_V1.1.0\Drivers\STM32F2xx_HAL_Driver\Inc\stm32f2xx_hal_pcd.h">
      <Filter>Drivers\HAL_Driver</Filter>
    </ClInclude>
    <ClInclude Include="..\..\STM32Cube_FW_F2_V1.1.0\Drivers\STM32F2xx_HAL_Driver\Inc\stm32f2xx_hal_pwr.h">
      <Filter>Drivers\HAL_Driver</Filter>
    </ClInclude>
    <ClInclude Include="..\..\STM32Cube_FW_F2_V1.1.0\Drivers\STM32F2xx_HAL_Driver\Inc\stm32f2xx_hal_pwr_ex.h">
      <Filter>Drivers\HAL_Driver</Filter>
    </ClInclude>
    <ClInclude Include="..\..\STM32Cube_FW_F2_V1.1.0\Drivers\STM32F2xx_HAL_Driver\Inc\stm32f2xx_hal_rcc.h">
      <Filter>Drivers\HAL_Driver</Filter>
    </ClInclude>
    <ClInclude Include="..\..\STM32Cube_FW_F2_V1.1.0\Drivers\STM32F2xx_HAL_Driver\Inc\stm32f2xx_hal_rcc_ex.h">
      <Filter>Drivers\HAL_Driver</Filter>
    </ClInclude>
    <ClInclude Include="..\..\STM32Cube_FW_F2_V1.1.0\Drivers\STM32F2xx_HAL_Driver\Inc\stm32f2xx_hal_rng.h">
      <Filter>Drivers\HAL_Driver</Filter>
    </ClInclude>
    <ClInclude Include="..\..\STM32Cube_FW_F2_V1.1.0\Drivers\STM32F2xx_HAL_Driver\Inc\stm32f2xx_hal_rtc.h">
      <Filter>Drivers\HAL_Driver</Filter>
    </ClInclude>
    <ClInclude Include="..\..\STM32Cube_FW_F2_V1.1.0\Drivers\STM32F2xx_HAL_Driver\Inc\stm32f2xx_hal_rtc_ex.h">
      <Filter>Drivers\HAL_Driver</Filter>
    </ClInclude>
    <ClInclude Include="..\..\STM32Cube_FW_F2_V1.1.0\Drivers\STM32F2xx_HAL_Driver\Inc\stm32f2xx_hal_sd.h">
      <Filter>Drivers\HAL_Driver</Filter>
    </ClInclude>
    <ClInclude Include="..\..\STM32Cube_FW_F2_V1.1.0\Drivers\STM32F2xx_HAL_Driver\Inc\stm32f2xx_hal_smartcard.h">
      <Filter>Drivers\HAL_Driver</Filter>
    </ClInclude>
    <ClInclude Include="..\..\STM32Cube_FW_F2_V1.1.0\Drivers\STM32F2xx_HAL_Driver\Inc\stm32f2xx_hal_spi.h">
      <Filter>Drivers\HAL_Driver</Filter>
    </ClInclude>
    <ClInclude Include="..\..\STM32Cube_FW_F2_V1.1.0\Drivers\STM32F2xx_HAL_Driver\Inc\stm32f2xx_hal_sram.h">
      <Filter>Drivers\HAL_Driver</Filter>
    </ClInclude>
    <ClInclude Include="..\..\STM32Cube_FW_F2_V1.1.0\Drivers\STM32F2xx_HAL_Driver\Inc\stm32f2xx_hal_tim.h">
      <Filter>Drivers\HAL_Driver</Filter>
    </ClInclude>
    <ClInclude Include="..\..\STM32Cube_FW_F2_V1.1.0\Drivers\STM32F2xx_HAL_Driver\Inc\stm32f2xx_hal_tim_ex.h">
      <Filter>Drivers\HAL_Driver</Filter>
    </ClInclude>
    <ClInclude Include="..\..\STM32Cube_FW_F2_V1.1.0\Drivers\STM32F2xx_HAL_Driver\Inc\stm32f2xx_hal_uart.h">
      <Filter>Drivers\HAL_Driver</Filter>
    </ClInclude>
    <ClInclude Include="..\..\STM32Cube_FW_F2_V1.1.0\Drivers\STM32F2xx_HAL_Driver\Inc\stm32f2xx_hal_usart.h">
      <Filter>Drivers\HAL_Driver</Filter>
    </ClInclude>
    <ClInclude Include="..\..\STM32Cube_FW_F2_V1.1.0\Drivers\STM32F2xx_HAL_Driver\Inc\stm32f2xx_hal_wwdg.h">
      <Filter>Drivers\HAL_Driver</Filter>
    </ClInclude>
    <ClInclude Include="..\..\STM32Cube_FW_F2_V1.1.0\Drivers\STM32F2xx_HAL_Driver\Inc\stm32f2xx_ll_fsmc.h">
      <Filter>Drivers\HAL_Driver</Filter>
    </ClInclude>
    <ClInclude Include="..\..\STM32Cube_FW_F2_V1.1.0\Drivers\STM32F2xx_HAL_Driver\Inc\stm32f2xx_ll_sdmmc.h">
      <Filter>Drivers\HAL_Driver</Filter>
    </ClInclude>
    <ClInclude Include="..\..\STM32Cube_FW_F2_V1.1.0\Drivers\STM32F2xx_HAL_Driver\Inc\stm32f2xx_ll_usb.h">
      <Filter>Drivers\HAL_Driver</Filter>
    </ClInclude>
  </ItemGroup>
  <ItemGroup>
    <Text Include="..\..\src\Menu\Menu_reference.txt">
      <Filter>Menu</Filter>
    </Text>
    <Text Include="..\..\src\doc\HELP.txt">
      <Filter>_doc</Filter>
    </Text>
    <Text Include="..\..\src\doc\TODO.txt">
      <Filter>_doc</Filter>
    </Text>
    <Text Include="..\..\src\doc\ТЗ на библиотеку работы с FLASH.txt">
      <Filter>_doc</Filter>
    </Text>
    <Text Include="..\..\src\doc\Меню.txt">
      <Filter>_doc</Filter>
    </Text>
    <Text Include="..\..\src\doc\Hardware.txt">
      <Filter>_doc</Filter>
    </Text>
    <Text Include="..\..\src\doc\Instr_For_Prog.txt">
      <Filter>_doc</Filter>
    </Text>
  </ItemGroup>
  <ItemGroup>
    <None Include="..\..\src\libs\startup_stm32f207xx.s">
      <Filter>libs</Filter>
    </None>
    <None Include="..\..\src\Display\font\font5.inc">
      <Filter>Display\font</Filter>
    </None>
    <None Include="..\..\src\Display\font\font5display.inc">
      <Filter>Display\font</Filter>
    </None>
    <None Include="..\..\src\Display\font\font8.inc">
      <Filter>Display\font</Filter>
    </None>
    <None Include="..\..\src\Display\font\font8display.inc">
      <Filter>Display\font</Filter>
    </None>
    <None Include="..\..\src\Display\font\fontUGO.inc">
      <Filter>Display\font</Filter>
    </None>
    <None Include="..\..\src\Display\font\fontUGO2.inc">
      <Filter>Display\font</Filter>
    </None>
    <None Include="..\..\src\Display\font\fontUGO2display.inc">
      <Filter>Display\font</Filter>
    </None>
    <None Include="..\..\src\Display\font\fontUGOdisplay.inc">
      <Filter>Display\font</Filter>
    </None>
    <None Include="..\..\src\Utils\CreateTables.py">
      <Filter>Utils</Filter>
    </None>
  </ItemGroup>
</Project>