<?xml version="1.0" encoding="utf-8"?>
<Project ToolsVersion="4.0" xmlns="http://schemas.microsoft.com/developer/msbuild/2003">
  <ItemGroup>
    <Filter Include="HAL">
      <UniqueIdentifier>{1f233f29-71ec-44cd-b75b-be7a6f6f2efc}</UniqueIdentifier>
    </Filter>
    <Filter Include="USBH">
      <UniqueIdentifier>{a899a84a-08eb-4187-bfe5-698b884a1f4c}</UniqueIdentifier>
    </Filter>
    <Filter Include="FatFS">
      <UniqueIdentifier>{b6c88749-82cd-4b0b-acb8-7656c09c1941}</UniqueIdentifier>
    </Filter>
    <Filter Include="libs">
      <UniqueIdentifier>{258130d5-9f1b-47be-bc58-d204c388af5c}</UniqueIdentifier>
    </Filter>
    <Filter Include="FlashDrive">
      <UniqueIdentifier>{97908082-02e5-4630-b64a-ba0696639b59}</UniqueIdentifier>
    </Filter>
    <Filter Include="Hardware">
      <UniqueIdentifier>{0bd13ec8-43d1-4e97-9e96-2c14989d2724}</UniqueIdentifier>
    </Filter>
    <Filter Include="Display">
      <UniqueIdentifier>{9a0fe508-791b-47b4-92d5-a04c2620f725}</UniqueIdentifier>
    </Filter>
    <Filter Include="Panel">
      <UniqueIdentifier>{365a407e-3833-4b4e-aaf1-0ee8ee6105c4}</UniqueIdentifier>
    </Filter>
    <Filter Include="Settings">
      <UniqueIdentifier>{1a48bc98-9db6-40e2-87a3-e3ce4f1ed1a7}</UniqueIdentifier>
    </Filter>
    <Filter Include="Display\fonts">
      <UniqueIdentifier>{48bf5a69-b847-4044-860d-15656cb6f01d}</UniqueIdentifier>
    </Filter>
    <Filter Include="Utils">
      <UniqueIdentifier>{b35f3ad8-78e9-42ed-b3ad-8af92e8d7d31}</UniqueIdentifier>
    </Filter>
  </ItemGroup>
  <ItemGroup>
    <ClCompile Include="..\..\Loader53\src\Display\Colors.c">
      <Filter>Display</Filter>
    </ClCompile>
    <ClCompile Include="..\..\Loader53\src\Display\Display.c">
      <Filter>Display</Filter>
    </ClCompile>
    <ClCompile Include="..\..\Loader53\src\Display\Painter.c">
      <Filter>Display</Filter>
    </ClCompile>
    <ClCompile Include="..\..\Loader53\src\Display\PainterText.c">
      <Filter>Display</Filter>
    </ClCompile>
    <ClCompile Include="..\..\Loader53\src\Display\font\Font.c">
      <Filter>Display\fonts</Filter>
    </ClCompile>
    <ClCompile Include="..\..\Loader53\src\FlashDrive\FlashDrive.c">
      <Filter>FlashDrive</Filter>
    </ClCompile>
    <ClCompile Include="..\..\Loader53\src\Hardware\FLASH.c">
      <Filter>Hardware</Filter>
    </ClCompile>
    <ClCompile Include="..\..\Loader53\src\Hardware\FSMC.c">
      <Filter>Hardware</Filter>
    </ClCompile>
    <ClCompile Include="..\..\Loader53\src\Hardware\Hardware.c">
      <Filter>Hardware</Filter>
    </ClCompile>
    <ClCompile Include="..\..\Loader53\src\Hardware\Timer.c">
      <Filter>Hardware</Filter>
    </ClCompile>
    <ClCompile Include="..\..\Loader53\src\Settings\Settings.c">
      <Filter>Settings</Filter>
    </ClCompile>
    <ClCompile Include="..\..\Loader53\src\Panel\Controls.c">
      <Filter>Panel</Filter>
    </ClCompile>
    <ClCompile Include="..\..\Loader53\src\Panel\Panel.c">
      <Filter>Panel</Filter>
    </ClCompile>
    <ClCompile Include="..\..\Loader53\src\Panel\PanelFunctions.c">
      <Filter>Panel</Filter>
    </ClCompile>
    <ClCompile Include="..\..\Loader53\src\Utils\GlobalFunctions.c">
      <Filter>Utils</Filter>
    </ClCompile>
    <ClCompile Include="..\..\Loader53\src\Utils\Math.c">
      <Filter>Utils</Filter>
    </ClCompile>
    <ClCompile Include="..\..\Loader53\src\main.c" />
    <ClCompile Include="..\..\STM32Cube_FW_F2\Drivers\STM32F2xx_HAL_Driver\Src\stm32f2xx_hal.c">
      <Filter>HAL</Filter>
    </ClCompile>
    <ClCompile Include="..\..\STM32Cube_FW_F2\Drivers\STM32F2xx_HAL_Driver\Src\stm32f2xx_hal_cortex.c">
      <Filter>HAL</Filter>
    </ClCompile>
    <ClCompile Include="..\..\STM32Cube_FW_F2\Drivers\STM32F2xx_HAL_Driver\Src\stm32f2xx_hal_dma.c">
      <Filter>HAL</Filter>
    </ClCompile>
    <ClCompile Include="..\..\STM32Cube_FW_F2\Drivers\STM32F2xx_HAL_Driver\Src\stm32f2xx_hal_flash.c">
      <Filter>HAL</Filter>
    </ClCompile>
    <ClCompile Include="..\..\STM32Cube_FW_F2\Drivers\STM32F2xx_HAL_Driver\Src\stm32f2xx_hal_flash_ex.c">
      <Filter>HAL</Filter>
    </ClCompile>
    <ClCompile Include="..\..\STM32Cube_FW_F2\Drivers\STM32F2xx_HAL_Driver\Src\stm32f2xx_hal_gpio.c">
      <Filter>HAL</Filter>
    </ClCompile>
    <ClCompile Include="..\..\STM32Cube_FW_F2\Drivers\STM32F2xx_HAL_Driver\Src\stm32f2xx_hal_hcd.c">
      <Filter>HAL</Filter>
    </ClCompile>
    <ClCompile Include="..\..\STM32Cube_FW_F2\Drivers\STM32F2xx_HAL_Driver\Src\stm32f2xx_hal_rcc.c">
      <Filter>HAL</Filter>
    </ClCompile>
    <ClCompile Include="..\..\STM32Cube_FW_F2\Drivers\STM32F2xx_HAL_Driver\Src\stm32f2xx_hal_spi.c">
      <Filter>HAL</Filter>
    </ClCompile>
    <ClCompile Include="..\..\STM32Cube_FW_F2\Drivers\STM32F2xx_HAL_Driver\Src\stm32f2xx_hal_sram.c">
      <Filter>HAL</Filter>
    </ClCompile>
    <ClCompile Include="..\..\STM32Cube_FW_F2\Drivers\STM32F2xx_HAL_Driver\Src\stm32f2xx_hal_tim.c">
      <Filter>HAL</Filter>
    </ClCompile>
    <ClCompile Include="..\..\STM32Cube_FW_F2\Drivers\STM32F2xx_HAL_Driver\Src\stm32f2xx_hal_tim_ex.c">
      <Filter>HAL</Filter>
    </ClCompile>
    <ClCompile Include="..\..\STM32Cube_FW_F2\Drivers\STM32F2xx_HAL_Driver\Src\stm32f2xx_ll_fsmc.c">
      <Filter>HAL</Filter>
    </ClCompile>
    <ClCompile Include="..\..\STM32Cube_FW_F2\Drivers\STM32F2xx_HAL_Driver\Src\stm32f2xx_ll_usb.c">
      <Filter>HAL</Filter>
    </ClCompile>
    <ClCompile Include="..\..\Loader53\src\globals.c" />
    <ClCompile Include="..\..\Loader53\src\defines.c" />
    <ClCompile Include="..\..\S8-53\Bootloader\src\libs\stm32f2xx_hal_msp.c">
      <Filter>libs</Filter>
    </ClCompile>
    <ClCompile Include="..\..\S8-53\Bootloader\src\libs\stm32f2xx_it.c">
      <Filter>libs</Filter>
    </ClCompile>
    <ClCompile Include="..\..\S8-53\Bootloader\src\libs\system_stm32f2xx.c">
      <Filter>libs</Filter>
    </ClCompile>
    <ClCompile Include="..\..\S8-53\Bootloader\src\libs\usbh_conf.c">
      <Filter>libs</Filter>
    </ClCompile>
    <ClCompile Include="..\..\STM32Cube_FW_F2\Middlewares\Third_Party\FatFs\src\diskio.c">
      <Filter>FatFS</Filter>
    </ClCompile>
    <ClCompile Include="..\..\STM32Cube_FW_F2\Middlewares\Third_Party\FatFs\src\ff.c">
      <Filter>FatFS</Filter>
    </ClCompile>
    <ClCompile Include="..\..\STM32Cube_FW_F2\Middlewares\Third_Party\FatFs\src\ff_gen_drv.c">
      <Filter>FatFS</Filter>
    </ClCompile>
    <ClCompile Include="..\..\STM32Cube_FW_F2\Middlewares\Third_Party\FatFs\src\option\syscall.c">
      <Filter>FatFS</Filter>
    </ClCompile>
    <ClCompile Include="..\..\STM32Cube_FW_F2\Middlewares\Third_Party\FatFs\src\option\unicode.c">
      <Filter>FatFS</Filter>
    </ClCompile>
    <ClCompile Include="..\..\STM32Cube_FW_F2\Middlewares\Third_Party\FatFs\src\drivers\usbh_diskio.c">
      <Filter>FatFS</Filter>
    </ClCompile>
    <ClCompile Include="..\..\STM32Cube_FW_F2\Middlewares\ST\STM32_USB_Host_Library\Core\Src\usbh_core.c">
      <Filter>USBH</Filter>
    </ClCompile>
    <ClCompile Include="..\..\STM32Cube_FW_F2\Middlewares\ST\STM32_USB_Host_Library\Core\Src\usbh_ctlreq.c">
      <Filter>USBH</Filter>
    </ClCompile>
    <ClCompile Include="..\..\STM32Cube_FW_F2\Middlewares\ST\STM32_USB_Host_Library\Core\Src\usbh_ioreq.c">
      <Filter>USBH</Filter>
    </ClCompile>
    <ClCompile Include="..\..\STM32Cube_FW_F2\Middlewares\ST\STM32_USB_Host_Library\Core\Src\usbh_pipes.c">
      <Filter>USBH</Filter>
    </ClCompile>
    <ClCompile Include="..\..\STM32Cube_FW_F2\Middlewares\ST\STM32_USB_Host_Library\Class\MSC\Src\usbh_msc.c">
      <Filter>USBH</Filter>
    </ClCompile>
    <ClCompile Include="..\..\STM32Cube_FW_F2\Middlewares\ST\STM32_USB_Host_Library\Class\MSC\Src\usbh_msc_bot.c">
      <Filter>USBH</Filter>
    </ClCompile>
    <ClCompile Include="..\..\STM32Cube_FW_F2\Middlewares\ST\STM32_USB_Host_Library\Class\MSC\Src\usbh_msc_scsi.c">
      <Filter>USBH</Filter>
    </ClCompile>
  </ItemGroup>
  <ItemGroup>
    <ClInclude Include="..\..\Loader53\src\Display\Colors.h">
      <Filter>Display</Filter>
    </ClInclude>
    <ClInclude Include="..\..\Loader53\src\Display\Display.h">
      <Filter>Display</Filter>
    </ClInclude>
    <ClInclude Include="..\..\Loader53\src\Display\DisplayTypes.h">
      <Filter>Display</Filter>
    </ClInclude>
    <ClInclude Include="..\..\Loader53\src\Display\Painter.h">
      <Filter>Display</Filter>
    </ClInclude>
    <ClInclude Include="..\..\Loader53\src\Display\PainterC.h">
      <Filter>Display</Filter>
    </ClInclude>
    <ClInclude Include="..\..\Loader53\src\Display\PainterText.h">
      <Filter>Display</Filter>
    </ClInclude>
    <ClInclude Include="..\..\Loader53\src\Hardware\FSMC.h">
      <Filter>Hardware</Filter>
    </ClInclude>
    <ClInclude Include="..\..\Loader53\src\Display\font\Font.h">
      <Filter>Display\fonts</Filter>
    </ClInclude>
    <ClInclude Include="..\..\Loader53\src\FlashDrive\FlashDrive.h">
      <Filter>FlashDrive</Filter>
    </ClInclude>
    <ClInclude Include="..\..\Loader53\src\Hardware\FLASH.h">
      <Filter>Hardware</Filter>
    </ClInclude>
    <ClInclude Include="..\..\Loader53\src\Hardware\Hardware.h">
      <Filter>Hardware</Filter>
    </ClInclude>
    <ClInclude Include="..\..\Loader53\src\Hardware\Timer.h">
      <Filter>Hardware</Filter>
    </ClInclude>
    <ClInclude Include="..\..\Loader53\src\Settings\Settings.h">
      <Filter>Settings</Filter>
    </ClInclude>
    <ClInclude Include="..\..\Loader53\src\Settings\SettingsTypes.h">
      <Filter>Settings</Filter>
    </ClInclude>
    <ClInclude Include="..\..\Loader53\src\Panel\Controls.h">
      <Filter>Panel</Filter>
    </ClInclude>
    <ClInclude Include="..\..\Loader53\src\Panel\Panel.h">
      <Filter>Panel</Filter>
    </ClInclude>
    <ClInclude Include="..\..\Loader53\src\Utils\GlobalFunctions.h">
      <Filter>Utils</Filter>
    </ClInclude>
    <ClInclude Include="..\..\Loader53\src\Utils\Math.h">
      <Filter>Utils</Filter>
    </ClInclude>
    <ClInclude Include="..\..\Loader53\src\main.h" />
    <ClInclude Include="..\..\STM32Cube_FW_F2\Drivers\STM32F2xx_HAL_Driver\Inc\stm32f2xx_hal.h">
      <Filter>HAL</Filter>
    </ClInclude>
    <ClInclude Include="..\..\STM32Cube_FW_F2\Drivers\STM32F2xx_HAL_Driver\Inc\stm32f2xx_hal_cortex.h">
      <Filter>HAL</Filter>
    </ClInclude>
    <ClInclude Include="..\..\STM32Cube_FW_F2\Drivers\STM32F2xx_HAL_Driver\Inc\stm32f2xx_hal_dma.h">
      <Filter>HAL</Filter>
    </ClInclude>
    <ClInclude Include="..\..\STM32Cube_FW_F2\Drivers\STM32F2xx_HAL_Driver\Inc\stm32f2xx_hal_flash.h">
      <Filter>HAL</Filter>
    </ClInclude>
    <ClInclude Include="..\..\STM32Cube_FW_F2\Drivers\STM32F2xx_HAL_Driver\Inc\stm32f2xx_hal_flash_ex.h">
      <Filter>HAL</Filter>
    </ClInclude>
    <ClInclude Include="..\..\STM32Cube_FW_F2\Drivers\STM32F2xx_HAL_Driver\Inc\stm32f2xx_hal_gpio.h">
      <Filter>HAL</Filter>
    </ClInclude>
    <ClInclude Include="..\..\STM32Cube_FW_F2\Drivers\STM32F2xx_HAL_Driver\Inc\stm32f2xx_hal_gpio_ex.h">
      <Filter>HAL</Filter>
    </ClInclude>
    <ClInclude Include="..\..\STM32Cube_FW_F2\Drivers\STM32F2xx_HAL_Driver\Inc\stm32f2xx_hal_hcd.h">
      <Filter>HAL</Filter>
    </ClInclude>
    <ClInclude Include="..\..\STM32Cube_FW_F2\Drivers\STM32F2xx_HAL_Driver\Inc\stm32f2xx_hal_rcc.h">
      <Filter>HAL</Filter>
    </ClInclude>
    <ClInclude Include="..\..\STM32Cube_FW_F2\Drivers\STM32F2xx_HAL_Driver\Inc\stm32f2xx_hal_spi.h">
      <Filter>HAL</Filter>
    </ClInclude>
    <ClInclude Include="..\..\STM32Cube_FW_F2\Drivers\STM32F2xx_HAL_Driver\Inc\stm32f2xx_hal_sram.h">
      <Filter>HAL</Filter>
    </ClInclude>
    <ClInclude Include="..\..\STM32Cube_FW_F2\Drivers\STM32F2xx_HAL_Driver\Inc\stm32f2xx_hal_tim.h">
      <Filter>HAL</Filter>
    </ClInclude>
    <ClInclude Include="..\..\STM32Cube_FW_F2\Drivers\STM32F2xx_HAL_Driver\Inc\stm32f2xx_hal_tim_ex.h">
      <Filter>HAL</Filter>
    </ClInclude>
    <ClInclude Include="..\..\STM32Cube_FW_F2\Drivers\STM32F2xx_HAL_Driver\Inc\stm32f2xx_ll_fsmc.h">
      <Filter>HAL</Filter>
    </ClInclude>
    <ClInclude Include="..\..\STM32Cube_FW_F2\Drivers\STM32F2xx_HAL_Driver\Inc\stm32f2xx_ll_usb.h">
      <Filter>HAL</Filter>
    </ClInclude>
    <ClInclude Include="..\..\Loader53\src\defines.h" />
    <ClInclude Include="..\..\Loader53\src\globals.h" />
    <ClInclude Include="..\..\S8-53\Bootloader\src\libs\ffconf.h">
      <Filter>libs</Filter>
    </ClInclude>
    <ClInclude Include="..\..\S8-53\Bootloader\src\libs\stm32f2xx_hal_conf.h">
      <Filter>libs</Filter>
    </ClInclude>
    <ClInclude Include="..\..\S8-53\Bootloader\src\libs\stm32f2xx_it.h">
      <Filter>libs</Filter>
    </ClInclude>
    <ClInclude Include="..\..\S8-53\Bootloader\src\libs\usbh_conf.h">
      <Filter>libs</Filter>
    </ClInclude>
    <ClInclude Include="..\..\STM32Cube_FW_F2\Middlewares\Third_Party\FatFs\src\diskio.h">
      <Filter>FatFS</Filter>
    </ClInclude>
    <ClInclude Include="..\..\STM32Cube_FW_F2\Middlewares\Third_Party\FatFs\src\ff.h">
      <Filter>FatFS</Filter>
    </ClInclude>
    <ClInclude Include="..\..\STM32Cube_FW_F2\Middlewares\Third_Party\FatFs\src\ff_gen_drv.h">
      <Filter>FatFS</Filter>
    </ClInclude>
    <ClInclude Include="..\..\STM32Cube_FW_F2\Middlewares\Third_Party\FatFs\src\drivers\usbh_diskio.h">
      <Filter>FatFS</Filter>
    </ClInclude>
    <ClInclude Include="..\..\STM32Cube_FW_F2\Middlewares\ST\STM32_USB_Host_Library\Core\Inc\usbh_core.h">
      <Filter>USBH</Filter>
    </ClInclude>
    <ClInclude Include="..\..\STM32Cube_FW_F2\Middlewares\ST\STM32_USB_Host_Library\Core\Inc\usbh_ctlreq.h">
      <Filter>USBH</Filter>
    </ClInclude>
    <ClInclude Include="..\..\STM32Cube_FW_F2\Middlewares\ST\STM32_USB_Host_Library\Core\Inc\usbh_ioreq.h">
      <Filter>USBH</Filter>
    </ClInclude>
    <ClInclude Include="..\..\STM32Cube_FW_F2\Middlewares\ST\STM32_USB_Host_Library\Core\Inc\usbh_pipes.h">
      <Filter>USBH</Filter>
    </ClInclude>
    <ClInclude Include="..\..\STM32Cube_FW_F2\Middlewares\ST\STM32_USB_Host_Library\Class\MSC\Inc\usbh_msc.h">
      <Filter>USBH</Filter>
    </ClInclude>
    <ClInclude Include="..\..\STM32Cube_FW_F2\Middlewares\ST\STM32_USB_Host_Library\Class\MSC\Inc\usbh_msc_bot.h">
      <Filter>USBH</Filter>
    </ClInclude>
    <ClInclude Include="..\..\STM32Cube_FW_F2\Middlewares\ST\STM32_USB_Host_Library\Class\MSC\Inc\usbh_msc_scsi.h">
      <Filter>USBH</Filter>
    </ClInclude>
  </ItemGroup>
  <ItemGroup>
    <None Include="..\..\Loader53\src\Display\font\font5.inc">
      <Filter>Display\fonts</Filter>
    </None>
    <None Include="..\..\Loader53\src\Display\font\font5display.inc">
      <Filter>Display\fonts</Filter>
    </None>
    <None Include="..\..\Loader53\src\Display\font\font8.inc">
      <Filter>Display\fonts</Filter>
    </None>
    <None Include="..\..\Loader53\src\Display\font\font8display.inc">
      <Filter>Display\fonts</Filter>
    </None>
    <None Include="..\..\Loader53\src\Display\font\fontUGO.inc">
      <Filter>Display\fonts</Filter>
    </None>
    <None Include="..\..\Loader53\src\Display\font\fontUGO2.inc">
      <Filter>Display\fonts</Filter>
    </None>
    <None Include="..\..\Loader53\src\Display\font\fontUGO2display.inc">
      <Filter>Display\fonts</Filter>
    </None>
    <None Include="..\..\Loader53\src\Display\font\fontUGOdisplay.inc">
      <Filter>Display\fonts</Filter>
    </None>
    <None Include="..\..\S8-53\Bootloader\src\libs\startup_stm32f207xx.s">
      <Filter>libs</Filter>
    </None>
  </ItemGroup>
</Project>