
Microsoft Visual Studio Solution File, Format Version 12.00
# Visual Studio 15
VisualStudioVersion = 15.0.27428.2002
MinimumVisualStudioVersion = 10.0.40219.1
Project("{8BC9CEB8-8B4A-11D0-8D11-00A0C91BC942}") = "S8-53_new", "VS-OSCI\S8-53\S8-53.vcxproj", "{9963BBE1-43D7-4BAD-AA6A-A2D3161DA31A}"
EndProject
Project("{8BC9CEB8-8B4A-11D0-8D11-00A0C91BC942}") = "Loader53", "VS-OSCI\Loader53\Loader53.vcxproj", "{1B08892E-5421-4509-9E17-9B9EB5CCE724}"
EndProject
Global
	GlobalSection(SolutionConfigurationPlatforms) = preSolution
		Debug|Win32 = Debug|Win32
		Release|Win32 = Release|Win32
	EndGlobalSection
	GlobalSection(ProjectConfigurationPlatforms) = postSolution
		{9963BBE1-43D7-4BAD-AA6A-A2D3161DA31A}.Debug|Win32.ActiveCfg = Debug|Win32
		{9963BBE1-43D7-4BAD-AA6A-A2D3161DA31A}.Debug|Win32.Build.0 = Debug|Win32
		{9963BBE1-43D7-4BAD-AA6A-A2D3161DA31A}.Debug|Win32.Deploy.0 = Debug|Win32
		{9963BBE1-43D7-4BAD-AA6A-A2D3161DA31A}.Release|Win32.ActiveCfg = Release|Win32
		{9963BBE1-43D7-4BAD-AA6A-A2D3161DA31A}.Release|Win32.Build.0 = Release|Win32
		{1B08892E-5421-4509-9E17-9B9EB5CCE724}.Debug|Win32.ActiveCfg = Debug|Win32
		{1B08892E-5421-4509-9E17-9B9EB5CCE724}.Release|Win32.ActiveCfg = Release|Win32
		{1B08892E-5421-4509-9E17-9B9EB5CCE724}.Release|Win32.Build.0 = Release|Win32
	EndGlobalSection
	GlobalSection(SolutionProperties) = preSolution
		HideSolutionNode = FALSE
	EndGlobalSection
	GlobalSection(ExtensibilityGlobals) = postSolution
		SolutionGuid = {2F87E9F6-42C2-449C-847C-F672430C94E0}
	EndGlobalSection
EndGlobal
